{
  "name": "metabase",
  "version": "0.0.0",
  "dependencies": {
    "ace-builds": {
      "version": "1.2.0",
      "from": "git://github.com/ajaxorg/ace-builds.git#v1.2.0",
      "resolved": "git://github.com/ajaxorg/ace-builds.git#0982db4853e3c967756b83b70638b9761d7f801d"
    },
    "angular": {
      "version": "1.2.28",
      "from": "https://registry.npmjs.org/angular/-/angular-1.2.28.tgz",
      "resolved": "https://registry.npmjs.org/angular/-/angular-1.2.28.tgz"
    },
    "angular-cookie": {
      "version": "1.0.0",
      "from": "git://github.com/ivpusic/angular-cookie.git#v4.0.6",
      "resolved": "git://github.com/ivpusic/angular-cookie.git#3440b84102bf97d83d344ab6db726b4f8cadd09a"
    },
    "angular-cookies": {
      "version": "1.2.28",
      "from": "https://registry.npmjs.org/angular-cookies/-/angular-cookies-1.2.28.tgz",
      "resolved": "https://registry.npmjs.org/angular-cookies/-/angular-cookies-1.2.28.tgz"
    },
    "angular-http-auth": {
      "version": "1.2.1",
      "from": "https://registry.npmjs.org/angular-http-auth/-/angular-http-auth-1.2.1.tgz",
      "resolved": "https://registry.npmjs.org/angular-http-auth/-/angular-http-auth-1.2.1.tgz"
    },
    "angular-resource": {
      "version": "1.2.28",
      "from": "https://registry.npmjs.org/angular-resource/-/angular-resource-1.2.28.tgz",
      "resolved": "https://registry.npmjs.org/angular-resource/-/angular-resource-1.2.28.tgz"
    },
    "angular-route": {
      "version": "1.2.28",
      "from": "https://registry.npmjs.org/angular-route/-/angular-route-1.2.28.tgz",
      "resolved": "https://registry.npmjs.org/angular-route/-/angular-route-1.2.28.tgz"
    },
    "angular-ui-ace": {
      "version": "0.2.3",
      "from": "https://registry.npmjs.org/angular-ui-ace/-/angular-ui-ace-0.2.3.tgz",
      "resolved": "https://registry.npmjs.org/angular-ui-ace/-/angular-ui-ace-0.2.3.tgz"
    },
    "angular-ui-bootstrap": {
      "version": "0.12.1",
      "from": "https://registry.npmjs.org/angular-ui-bootstrap/-/angular-ui-bootstrap-0.12.1.tgz",
      "resolved": "https://registry.npmjs.org/angular-ui-bootstrap/-/angular-ui-bootstrap-0.12.1.tgz"
    },
    "classnames": {
      "version": "2.1.5",
      "from": "https://registry.npmjs.org/classnames/-/classnames-2.1.5.tgz",
      "resolved": "https://registry.npmjs.org/classnames/-/classnames-2.1.5.tgz"
    },
    "crossfilter": {
      "version": "1.3.12",
      "from": "https://registry.npmjs.org/crossfilter/-/crossfilter-1.3.12.tgz",
      "resolved": "https://registry.npmjs.org/crossfilter/-/crossfilter-1.3.12.tgz"
    },
    "d3": {
      "version": "3.5.6",
      "from": "https://registry.npmjs.org/d3/-/d3-3.5.6.tgz",
      "resolved": "https://registry.npmjs.org/d3/-/d3-3.5.6.tgz"
    },
    "d3-tip": {
      "version": "0.6.7",
      "from": "https://registry.npmjs.org/d3-tip/-/d3-tip-0.6.7.tgz",
      "resolved": "https://registry.npmjs.org/d3-tip/-/d3-tip-0.6.7.tgz"
    },
    "dc": {
      "version": "2.0.0-beta.19",
      "from": "https://registry.npmjs.org/dc/-/dc-2.0.0-beta.19.tgz",
      "resolved": "https://registry.npmjs.org/dc/-/dc-2.0.0-beta.19.tgz"
    },
    "fixed-data-table": {
      "version": "0.4.7",
      "from": "https://registry.npmjs.org/fixed-data-table/-/fixed-data-table-0.4.7.tgz",
      "resolved": "https://registry.npmjs.org/fixed-data-table/-/fixed-data-table-0.4.7.tgz"
    },
    "humanize-plus": {
      "version": "1.5.0",
      "from": "https://registry.npmjs.org/humanize-plus/-/humanize-plus-1.5.0.tgz",
      "resolved": "https://registry.npmjs.org/humanize-plus/-/humanize-plus-1.5.0.tgz"
    },
    "inflection": {
      "version": "1.7.1",
      "from": "https://registry.npmjs.org/inflection/-/inflection-1.7.1.tgz",
      "resolved": "https://registry.npmjs.org/inflection/-/inflection-1.7.1.tgz"
    },
    "moment": {
      "version": "2.10.6",
      "from": "https://registry.npmjs.org/moment/-/moment-2.10.6.tgz",
      "resolved": "https://registry.npmjs.org/moment/-/moment-2.10.6.tgz"
    },
    "normalizr": {
      "version": "0.1.3",
      "from": "https://registry.npmjs.org/normalizr/-/normalizr-0.1.3.tgz",
      "resolved": "https://registry.npmjs.org/normalizr/-/normalizr-0.1.3.tgz",
      "dependencies": {
        "lodash": {
          "version": "3.10.1",
          "from": "https://registry.npmjs.org/lodash/-/lodash-3.10.1.tgz",
          "resolved": "https://registry.npmjs.org/lodash/-/lodash-3.10.1.tgz"
        }
      }
    },
    "password-generator": {
      "version": "2.0.1",
      "from": "https://registry.npmjs.org/password-generator/-/password-generator-2.0.1.tgz",
      "resolved": "https://registry.npmjs.org/password-generator/-/password-generator-2.0.1.tgz",
      "dependencies": {
        "optimist": {
          "version": "0.6.1",
          "from": "https://registry.npmjs.org/optimist/-/optimist-0.6.1.tgz",
          "resolved": "https://registry.npmjs.org/optimist/-/optimist-0.6.1.tgz",
          "dependencies": {
            "wordwrap": {
              "version": "0.0.3",
              "from": "https://registry.npmjs.org/wordwrap/-/wordwrap-0.0.3.tgz",
              "resolved": "https://registry.npmjs.org/wordwrap/-/wordwrap-0.0.3.tgz"
            },
            "minimist": {
              "version": "0.0.10",
              "from": "https://registry.npmjs.org/minimist/-/minimist-0.0.10.tgz",
              "resolved": "https://registry.npmjs.org/minimist/-/minimist-0.0.10.tgz"
            }
          }
        }
      }
    },
    "react": {
      "version": "0.13.3",
      "from": "https://registry.npmjs.org/react/-/react-0.13.3.tgz",
      "resolved": "https://registry.npmjs.org/react/-/react-0.13.3.tgz",
      "dependencies": {
        "envify": {
          "version": "3.4.0",
          "from": "https://registry.npmjs.org/envify/-/envify-3.4.0.tgz",
          "resolved": "https://registry.npmjs.org/envify/-/envify-3.4.0.tgz",
          "dependencies": {
            "through": {
              "version": "2.3.8",
              "from": "https://registry.npmjs.org/through/-/through-2.3.8.tgz",
              "resolved": "https://registry.npmjs.org/through/-/through-2.3.8.tgz"
            },
            "jstransform": {
              "version": "10.1.0",
              "from": "https://registry.npmjs.org/jstransform/-/jstransform-10.1.0.tgz",
              "resolved": "https://registry.npmjs.org/jstransform/-/jstransform-10.1.0.tgz",
              "dependencies": {
                "base62": {
                  "version": "0.1.1",
                  "from": "https://registry.npmjs.org/base62/-/base62-0.1.1.tgz",
                  "resolved": "https://registry.npmjs.org/base62/-/base62-0.1.1.tgz"
                },
                "esprima-fb": {
                  "version": "13001.1001.0-dev-harmony-fb",
                  "from": "https://registry.npmjs.org/esprima-fb/-/esprima-fb-13001.1001.0-dev-harmony-fb.tgz",
                  "resolved": "https://registry.npmjs.org/esprima-fb/-/esprima-fb-13001.1001.0-dev-harmony-fb.tgz"
                },
                "source-map": {
                  "version": "0.1.31",
                  "from": "https://registry.npmjs.org/source-map/-/source-map-0.1.31.tgz",
                  "resolved": "https://registry.npmjs.org/source-map/-/source-map-0.1.31.tgz",
                  "dependencies": {
                    "amdefine": {
                      "version": "1.0.0",
                      "from": "https://registry.npmjs.org/amdefine/-/amdefine-1.0.0.tgz",
                      "resolved": "https://registry.npmjs.org/amdefine/-/amdefine-1.0.0.tgz"
                    }
                  }
                }
              }
            }
          }
        }
      }
    },
    "react-grid-layout": {
      "version": "0.8.5",
      "from": "react-grid-layout@>=0.8.5 <0.9.0",
      "resolved": "https://registry.npmjs.org/react-grid-layout/-/react-grid-layout-0.8.5.tgz",
      "dependencies": {
        "deep-equal": {
          "version": "1.0.1",
          "from": "deep-equal@>=1.0.0 <2.0.0",
          "resolved": "https://registry.npmjs.org/deep-equal/-/deep-equal-1.0.1.tgz"
        },
        "object-assign": {
          "version": "2.1.1",
          "from": "object-assign@>=2.0.0 <3.0.0",
          "resolved": "https://registry.npmjs.org/object-assign/-/object-assign-2.1.1.tgz"
        },
        "react-draggable": {
          "version": "0.3.3",
          "from": "strml/react-draggable#v0.3.3",
          "resolved": "git://github.com/strml/react-draggable.git#6302ffa23e5ac0b98e888b6ff277f53e5f82d67c"
        },
        "react-resizable": {
          "version": "0.3.3",
          "from": "react-resizable@>=0.3.2 <0.4.0",
          "resolved": "https://registry.npmjs.org/react-resizable/-/react-resizable-0.3.3.tgz",
          "dependencies": {
            "react-draggable": {
              "version": "0.3.1",
              "from": "strml/react-draggable#v0.3.1",
              "resolved": "git://github.com/strml/react-draggable.git#7a455326100add5809017fafe7a7b58eb26a8b16"
            }
          }
        }
      }
    },
    "react-onclickout": {
      "version": "1.2.0",
      "from": "https://registry.npmjs.org/react-onclickout/-/react-onclickout-1.2.0.tgz",
      "resolved": "https://registry.npmjs.org/react-onclickout/-/react-onclickout-1.2.0.tgz"
    },
    "react-onclickoutside": {
      "version": "0.2.5",
      "from": "https://registry.npmjs.org/react-onclickoutside/-/react-onclickoutside-0.2.5.tgz",
      "resolved": "https://registry.npmjs.org/react-onclickoutside/-/react-onclickoutside-0.2.5.tgz"
    },
    "react-redux": {
      "version": "0.9.0",
      "from": "https://registry.npmjs.org/react-redux/-/react-redux-0.9.0.tgz",
      "resolved": "https://registry.npmjs.org/react-redux/-/react-redux-0.9.0.tgz",
      "dependencies": {
        "invariant": {
          "version": "2.1.1",
          "from": "https://registry.npmjs.org/invariant/-/invariant-2.1.1.tgz",
          "resolved": "https://registry.npmjs.org/invariant/-/invariant-2.1.1.tgz",
          "dependencies": {
            "loose-envify": {
              "version": "1.0.0",
              "from": "https://registry.npmjs.org/loose-envify/-/loose-envify-1.0.0.tgz",
              "resolved": "https://registry.npmjs.org/loose-envify/-/loose-envify-1.0.0.tgz",
              "dependencies": {
                "js-tokens": {
                  "version": "1.0.1",
                  "from": "https://registry.npmjs.org/js-tokens/-/js-tokens-1.0.1.tgz",
                  "resolved": "https://registry.npmjs.org/js-tokens/-/js-tokens-1.0.1.tgz"
                }
              }
            }
          }
        }
      }
    },
    "redux": {
      "version": "1.0.1",
      "from": "https://registry.npmjs.org/redux/-/redux-1.0.1.tgz",
      "resolved": "https://registry.npmjs.org/redux/-/redux-1.0.1.tgz"
    },
    "redux-actions": {
      "version": "0.7.0",
      "from": "https://registry.npmjs.org/redux-actions/-/redux-actions-0.7.0.tgz",
      "resolved": "https://registry.npmjs.org/redux-actions/-/redux-actions-0.7.0.tgz",
      "dependencies": {
        "flux-standard-action": {
          "version": "0.6.0",
          "from": "https://registry.npmjs.org/flux-standard-action/-/flux-standard-action-0.6.0.tgz",
          "resolved": "https://registry.npmjs.org/flux-standard-action/-/flux-standard-action-0.6.0.tgz",
          "dependencies": {
            "lodash.isplainobject": {
              "version": "3.2.0",
              "from": "https://registry.npmjs.org/lodash.isplainobject/-/lodash.isplainobject-3.2.0.tgz",
              "resolved": "https://registry.npmjs.org/lodash.isplainobject/-/lodash.isplainobject-3.2.0.tgz",
              "dependencies": {
                "lodash._basefor": {
                  "version": "3.0.2",
                  "from": "https://registry.npmjs.org/lodash._basefor/-/lodash._basefor-3.0.2.tgz",
                  "resolved": "https://registry.npmjs.org/lodash._basefor/-/lodash._basefor-3.0.2.tgz"
                },
                "lodash.isarguments": {
                  "version": "3.0.4",
                  "from": "https://registry.npmjs.org/lodash.isarguments/-/lodash.isarguments-3.0.4.tgz",
                  "resolved": "https://registry.npmjs.org/lodash.isarguments/-/lodash.isarguments-3.0.4.tgz"
                },
                "lodash.keysin": {
                  "version": "3.0.8",
                  "from": "https://registry.npmjs.org/lodash.keysin/-/lodash.keysin-3.0.8.tgz",
                  "resolved": "https://registry.npmjs.org/lodash.keysin/-/lodash.keysin-3.0.8.tgz",
                  "dependencies": {
                    "lodash.isarray": {
                      "version": "3.0.4",
                      "from": "https://registry.npmjs.org/lodash.isarray/-/lodash.isarray-3.0.4.tgz",
                      "resolved": "https://registry.npmjs.org/lodash.isarray/-/lodash.isarray-3.0.4.tgz"
                    }
                  }
                }
              }
            }
          }
        },
        "reduce-reducers": {
          "version": "0.1.1",
          "from": "https://registry.npmjs.org/reduce-reducers/-/reduce-reducers-0.1.1.tgz",
          "resolved": "https://registry.npmjs.org/reduce-reducers/-/reduce-reducers-0.1.1.tgz"
        }
      }
    },
    "redux-devtools": {
      "version": "1.1.2",
      "from": "https://registry.npmjs.org/redux-devtools/-/redux-devtools-1.1.2.tgz",
      "resolved": "https://registry.npmjs.org/redux-devtools/-/redux-devtools-1.1.2.tgz",
      "dependencies": {
        "react-json-tree": {
          "version": "0.1.9",
          "from": "https://registry.npmjs.org/react-json-tree/-/react-json-tree-0.1.9.tgz",
          "resolved": "https://registry.npmjs.org/react-json-tree/-/react-json-tree-0.1.9.tgz",
          "dependencies": {
            "babel-runtime": {
              "version": "5.8.25",
              "from": "https://registry.npmjs.org/babel-runtime/-/babel-runtime-5.8.25.tgz",
              "resolved": "https://registry.npmjs.org/babel-runtime/-/babel-runtime-5.8.25.tgz",
              "dependencies": {
                "core-js": {
                  "version": "1.2.1",
                  "from": "https://registry.npmjs.org/core-js/-/core-js-1.2.1.tgz",
                  "resolved": "https://registry.npmjs.org/core-js/-/core-js-1.2.1.tgz"
                }
              }
            }
          }
        },
        "react-mixin": {
          "version": "1.7.0",
          "from": "https://registry.npmjs.org/react-mixin/-/react-mixin-1.7.0.tgz",
          "resolved": "https://registry.npmjs.org/react-mixin/-/react-mixin-1.7.0.tgz",
          "dependencies": {
            "object-assign": {
              "version": "2.1.1",
              "from": "https://registry.npmjs.org/object-assign/-/object-assign-2.1.1.tgz",
              "resolved": "https://registry.npmjs.org/object-assign/-/object-assign-2.1.1.tgz"
            },
            "smart-mixin": {
              "version": "1.2.1",
              "from": "https://registry.npmjs.org/smart-mixin/-/smart-mixin-1.2.1.tgz",
              "resolved": "https://registry.npmjs.org/smart-mixin/-/smart-mixin-1.2.1.tgz"
            }
          }
        },
        "react": {
          "version": "0.14.2",
          "from": "react@>=0.13.3||>=0.14.0-beta3 <0.15.0",
          "resolved": "https://registry.npmjs.org/react/-/react-0.14.2.tgz",
          "dependencies": {
            "envify": {
              "version": "3.4.0",
              "from": "envify@>=3.0.0 <4.0.0",
              "resolved": "https://registry.npmjs.org/envify/-/envify-3.4.0.tgz",
              "dependencies": {
                "through": {
                  "version": "2.3.8",
                  "from": "through@>=2.3.4 <2.4.0",
                  "resolved": "https://registry.npmjs.org/through/-/through-2.3.8.tgz"
                },
                "jstransform": {
                  "version": "10.1.0",
                  "from": "jstransform@>=10.0.1 <11.0.0",
                  "resolved": "https://registry.npmjs.org/jstransform/-/jstransform-10.1.0.tgz",
                  "dependencies": {
                    "base62": {
                      "version": "0.1.1",
                      "from": "base62@0.1.1",
                      "resolved": "https://registry.npmjs.org/base62/-/base62-0.1.1.tgz"
                    },
                    "esprima-fb": {
                      "version": "13001.1001.0-dev-harmony-fb",
                      "from": "esprima-fb@13001.1001.0-dev-harmony-fb",
                      "resolved": "https://registry.npmjs.org/esprima-fb/-/esprima-fb-13001.1001.0-dev-harmony-fb.tgz"
                    },
                    "source-map": {
                      "version": "0.1.31",
                      "from": "source-map@0.1.31",
                      "resolved": "https://registry.npmjs.org/source-map/-/source-map-0.1.31.tgz",
                      "dependencies": {
                        "amdefine": {
                          "version": "1.0.0",
                          "from": "amdefine@>=0.0.4",
                          "resolved": "https://registry.npmjs.org/amdefine/-/amdefine-1.0.0.tgz"
                        }
                      }
                    }
                  }
                }
              }
            },
            "fbjs": {
              "version": "0.3.2",
              "from": "fbjs@>=0.3.1 <0.4.0",
              "resolved": "https://registry.npmjs.org/fbjs/-/fbjs-0.3.2.tgz",
              "dependencies": {
                "core-js": {
                  "version": "1.2.6",
                  "from": "core-js@>=1.0.0 <2.0.0",
                  "resolved": "https://registry.npmjs.org/core-js/-/core-js-1.2.6.tgz"
                },
                "loose-envify": {
                  "version": "1.1.0",
                  "from": "loose-envify@>=1.0.0 <2.0.0",
                  "resolved": "https://registry.npmjs.org/loose-envify/-/loose-envify-1.1.0.tgz",
                  "dependencies": {
                    "js-tokens": {
                      "version": "1.0.2",
                      "from": "js-tokens@>=1.0.1 <2.0.0",
                      "resolved": "https://registry.npmjs.org/js-tokens/-/js-tokens-1.0.2.tgz"
                    }
                  }
                },
                "promise": {
                  "version": "7.0.4",
                  "from": "promise@>=7.0.3 <8.0.0",
                  "resolved": "https://registry.npmjs.org/promise/-/promise-7.0.4.tgz",
                  "dependencies": {
                    "asap": {
                      "version": "2.0.3",
                      "from": "asap@>=2.0.3 <2.1.0",
                      "resolved": "https://registry.npmjs.org/asap/-/asap-2.0.3.tgz"
                    }
                  }
                },
                "ua-parser-js": {
                  "version": "0.7.9",
                  "from": "ua-parser-js@>=0.7.9 <0.8.0",
                  "resolved": "https://registry.npmjs.org/ua-parser-js/-/ua-parser-js-0.7.9.tgz"
                },
                "whatwg-fetch": {
                  "version": "0.9.0",
                  "from": "whatwg-fetch@>=0.9.0 <0.10.0",
                  "resolved": "https://registry.npmjs.org/whatwg-fetch/-/whatwg-fetch-0.9.0.tgz"
                }
              }
            }
          }
        }
      }
    },
    "redux-logger": {
      "version": "0.0.3",
      "from": "https://registry.npmjs.org/redux-logger/-/redux-logger-0.0.3.tgz",
      "resolved": "https://registry.npmjs.org/redux-logger/-/redux-logger-0.0.3.tgz"
    },
    "redux-promise": {
      "version": "0.5.0",
      "from": "https://registry.npmjs.org/redux-promise/-/redux-promise-0.5.0.tgz",
      "resolved": "https://registry.npmjs.org/redux-promise/-/redux-promise-0.5.0.tgz",
      "dependencies": {
        "flux-standard-action": {
          "version": "0.6.0",
          "from": "https://registry.npmjs.org/flux-standard-action/-/flux-standard-action-0.6.0.tgz",
          "resolved": "https://registry.npmjs.org/flux-standard-action/-/flux-standard-action-0.6.0.tgz",
          "dependencies": {
            "lodash.isplainobject": {
              "version": "3.2.0",
              "from": "https://registry.npmjs.org/lodash.isplainobject/-/lodash.isplainobject-3.2.0.tgz",
              "resolved": "https://registry.npmjs.org/lodash.isplainobject/-/lodash.isplainobject-3.2.0.tgz",
              "dependencies": {
                "lodash._basefor": {
                  "version": "3.0.2",
                  "from": "https://registry.npmjs.org/lodash._basefor/-/lodash._basefor-3.0.2.tgz",
                  "resolved": "https://registry.npmjs.org/lodash._basefor/-/lodash._basefor-3.0.2.tgz"
                },
                "lodash.isarguments": {
                  "version": "3.0.4",
                  "from": "https://registry.npmjs.org/lodash.isarguments/-/lodash.isarguments-3.0.4.tgz",
                  "resolved": "https://registry.npmjs.org/lodash.isarguments/-/lodash.isarguments-3.0.4.tgz"
                },
                "lodash.keysin": {
                  "version": "3.0.8",
                  "from": "https://registry.npmjs.org/lodash.keysin/-/lodash.keysin-3.0.8.tgz",
                  "resolved": "https://registry.npmjs.org/lodash.keysin/-/lodash.keysin-3.0.8.tgz",
                  "dependencies": {
                    "lodash.isarray": {
                      "version": "3.0.4",
                      "from": "https://registry.npmjs.org/lodash.isarray/-/lodash.isarray-3.0.4.tgz",
                      "resolved": "https://registry.npmjs.org/lodash.isarray/-/lodash.isarray-3.0.4.tgz"
                    }
                  }
                }
              }
            }
          }
        }
      }
    },
    "redux-thunk": {
      "version": "0.1.0",
      "from": "https://registry.npmjs.org/redux-thunk/-/redux-thunk-0.1.0.tgz",
      "resolved": "https://registry.npmjs.org/redux-thunk/-/redux-thunk-0.1.0.tgz"
    },
    "reselect": {
      "version": "0.0.2",
      "from": "https://registry.npmjs.org/reselect/-/reselect-0.0.2.tgz",
      "resolved": "https://registry.npmjs.org/reselect/-/reselect-0.0.2.tgz"
    },
    "tether": {
      "version": "1.1.0",
      "from": "https://registry.npmjs.org/tether/-/tether-1.1.0.tgz",
      "resolved": "https://registry.npmjs.org/tether/-/tether-1.1.0.tgz"
    },
    "underscore": {
      "version": "1.8.3",
      "from": "https://registry.npmjs.org/underscore/-/underscore-1.8.3.tgz",
      "resolved": "https://registry.npmjs.org/underscore/-/underscore-1.8.3.tgz"
    },
    "z-index": {
      "version": "0.0.1",
      "from": "https://registry.npmjs.org/z-index/-/z-index-0.0.1.tgz",
      "resolved": "https://registry.npmjs.org/z-index/-/z-index-0.0.1.tgz"
    }
  }
}
