# THIS IS AN AUTOGENERATED FILE. DO NOT EDIT THIS FILE DIRECTLY.
# yarn lockfile v1


"@esbuild/aix-ppc64@0.25.6":
  version "0.25.6"
  resolved "https://registry.yarnpkg.com/@esbuild/aix-ppc64/-/aix-ppc64-0.25.6.tgz#164b19122e2ed54f85469df9dea98ddb01d5e79e"
  integrity sha512-ShbM/3XxwuxjFiuVBHA+d3j5dyac0aEVVq1oluIDf71hUw0aRF59dV/efUsIwFnR6m8JNM2FjZOzmaZ8yG61kw==

"@esbuild/android-arm64@0.25.6":
  version "0.25.6"
  resolved "https://registry.yarnpkg.com/@esbuild/android-arm64/-/android-arm64-0.25.6.tgz#8f539e7def848f764f6432598e51cc3820fde3a5"
  integrity sha512-hd5zdUarsK6strW+3Wxi5qWws+rJhCCbMiC9QZyzoxfk5uHRIE8T287giQxzVpEvCwuJ9Qjg6bEjcRJcgfLqoA==

"@esbuild/android-arm@0.25.6":
  version "0.25.6"
  resolved "https://registry.yarnpkg.com/@esbuild/android-arm/-/android-arm-0.25.6.tgz#4ceb0f40113e9861169be83e2a670c260dd234ff"
  integrity sha512-S8ToEOVfg++AU/bHwdksHNnyLyVM+eMVAOf6yRKFitnwnbwwPNqKr3srzFRe7nzV69RQKb5DgchIX5pt3L53xg==

"@esbuild/android-x64@0.25.6":
  version "0.25.6"
  resolved "https://registry.yarnpkg.com/@esbuild/android-x64/-/android-x64-0.25.6.tgz#ad4f280057622c25fe985c08999443a195dc63a8"
  integrity sha512-0Z7KpHSr3VBIO9A/1wcT3NTy7EB4oNC4upJ5ye3R7taCc2GUdeynSLArnon5G8scPwaU866d3H4BCrE5xLW25A==

"@esbuild/darwin-arm64@0.25.6":
  version "0.25.6"
  resolved "https://registry.yarnpkg.com/@esbuild/darwin-arm64/-/darwin-arm64-0.25.6.tgz#d1f04027396b3d6afc96bacd0d13167dfd9f01f7"
  integrity sha512-FFCssz3XBavjxcFxKsGy2DYK5VSvJqa6y5HXljKzhRZ87LvEi13brPrf/wdyl/BbpbMKJNOr1Sd0jtW4Ge1pAA==

"@esbuild/darwin-x64@0.25.6":
  version "0.25.6"
  resolved "https://registry.yarnpkg.com/@esbuild/darwin-x64/-/darwin-x64-0.25.6.tgz#2b4a6cedb799f635758d7832d75b23772c8ef68f"
  integrity sha512-GfXs5kry/TkGM2vKqK2oyiLFygJRqKVhawu3+DOCk7OxLy/6jYkWXhlHwOoTb0WqGnWGAS7sooxbZowy+pK9Yg==

"@esbuild/freebsd-arm64@0.25.6":
  version "0.25.6"
  resolved "https://registry.yarnpkg.com/@esbuild/freebsd-arm64/-/freebsd-arm64-0.25.6.tgz#a26266cc97dd78dc3c3f3d6788b1b83697b1055d"
  integrity sha512-aoLF2c3OvDn2XDTRvn8hN6DRzVVpDlj2B/F66clWd/FHLiHaG3aVZjxQX2DYphA5y/evbdGvC6Us13tvyt4pWg==

"@esbuild/freebsd-x64@0.25.6":
  version "0.25.6"
  resolved "https://registry.yarnpkg.com/@esbuild/freebsd-x64/-/freebsd-x64-0.25.6.tgz#9feb8e826735c568ebfd94859b22a3fbb6a9bdd2"
  integrity sha512-2SkqTjTSo2dYi/jzFbU9Plt1vk0+nNg8YC8rOXXea+iA3hfNJWebKYPs3xnOUf9+ZWhKAaxnQNUf2X9LOpeiMQ==

"@esbuild/linux-arm64@0.25.6":
  version "0.25.6"
  resolved "https://registry.yarnpkg.com/@esbuild/linux-arm64/-/linux-arm64-0.25.6.tgz#c07cbed8e249f4c28e7f32781d36fc4695293d28"
  integrity sha512-b967hU0gqKd9Drsh/UuAm21Khpoh6mPBSgz8mKRq4P5mVK8bpA+hQzmm/ZwGVULSNBzKdZPQBRT3+WuVavcWsQ==

"@esbuild/linux-arm@0.25.6":
  version "0.25.6"
  resolved "https://registry.yarnpkg.com/@esbuild/linux-arm/-/linux-arm-0.25.6.tgz#d6e2cd8ef3196468065d41f13fa2a61aaa72644a"
  integrity sha512-SZHQlzvqv4Du5PrKE2faN0qlbsaW/3QQfUUc6yO2EjFcA83xnwm91UbEEVx4ApZ9Z5oG8Bxz4qPE+HFwtVcfyw==

"@esbuild/linux-ia32@0.25.6":
  version "0.25.6"
  resolved "https://registry.yarnpkg.com/@esbuild/linux-ia32/-/linux-ia32-0.25.6.tgz#3e682bd47c4eddcc4b8f1393dfc8222482f17997"
  integrity sha512-aHWdQ2AAltRkLPOsKdi3xv0mZ8fUGPdlKEjIEhxCPm5yKEThcUjHpWB1idN74lfXGnZ5SULQSgtr5Qos5B0bPw==

"@esbuild/linux-loong64@0.25.6":
  version "0.25.6"
  resolved "https://registry.yarnpkg.com/@esbuild/linux-loong64/-/linux-loong64-0.25.6.tgz#473f5ea2e52399c08ad4cd6b12e6dbcddd630f05"
  integrity sha512-VgKCsHdXRSQ7E1+QXGdRPlQ/e08bN6WMQb27/TMfV+vPjjTImuT9PmLXupRlC90S1JeNNW5lzkAEO/McKeJ2yg==

"@esbuild/linux-mips64el@0.25.6":
  version "0.25.6"
  resolved "https://registry.yarnpkg.com/@esbuild/linux-mips64el/-/linux-mips64el-0.25.6.tgz#9960631c9fd61605b0939c19043acf4ef2b51718"
  integrity sha512-WViNlpivRKT9/py3kCmkHnn44GkGXVdXfdc4drNmRl15zVQ2+D2uFwdlGh6IuK5AAnGTo2qPB1Djppj+t78rzw==

"@esbuild/linux-ppc64@0.25.6":
  version "0.25.6"
  resolved "https://registry.yarnpkg.com/@esbuild/linux-ppc64/-/linux-ppc64-0.25.6.tgz#477cbf8bb04aa034b94f362c32c86b5c31db8d3e"
  integrity sha512-wyYKZ9NTdmAMb5730I38lBqVu6cKl4ZfYXIs31Baf8aoOtB4xSGi3THmDYt4BTFHk7/EcVixkOV2uZfwU3Q2Jw==

"@esbuild/linux-riscv64@0.25.6":
  version "0.25.6"
  resolved "https://registry.yarnpkg.com/@esbuild/linux-riscv64/-/linux-riscv64-0.25.6.tgz#bcdb46c8fb8e93aa779e9a0a62cd4ac00dcac626"
  integrity sha512-KZh7bAGGcrinEj4qzilJ4hqTY3Dg2U82c8bv+e1xqNqZCrCyc+TL9AUEn5WGKDzm3CfC5RODE/qc96OcbIe33w==

"@esbuild/linux-s390x@0.25.6":
  version "0.25.6"
  resolved "https://registry.yarnpkg.com/@esbuild/linux-s390x/-/linux-s390x-0.25.6.tgz#f412cf5fdf0aea849ff51c73fd817c6c0234d46d"
  integrity sha512-9N1LsTwAuE9oj6lHMyyAM+ucxGiVnEqUdp4v7IaMmrwb06ZTEVCIs3oPPplVsnjPfyjmxwHxHMF8b6vzUVAUGw==

"@esbuild/linux-x64@0.25.6":
  version "0.25.6"
  resolved "https://registry.yarnpkg.com/@esbuild/linux-x64/-/linux-x64-0.25.6.tgz#d8233c09b5ebc0c855712dc5eeb835a3a3341108"
  integrity sha512-A6bJB41b4lKFWRKNrWoP2LHsjVzNiaurf7wyj/XtFNTsnPuxwEBWHLty+ZE0dWBKuSK1fvKgrKaNjBS7qbFKig==

"@esbuild/netbsd-arm64@0.25.6":
  version "0.25.6"
  resolved "https://registry.yarnpkg.com/@esbuild/netbsd-arm64/-/netbsd-arm64-0.25.6.tgz#f51ae8dd1474172e73cf9cbaf8a38d1c72dd8f1a"
  integrity sha512-IjA+DcwoVpjEvyxZddDqBY+uJ2Snc6duLpjmkXm/v4xuS3H+3FkLZlDm9ZsAbF9rsfP3zeA0/ArNDORZgrxR/Q==

"@esbuild/netbsd-x64@0.25.6":
  version "0.25.6"
  resolved "https://registry.yarnpkg.com/@esbuild/netbsd-x64/-/netbsd-x64-0.25.6.tgz#a267538602c0e50a858cf41dcfe5d8036f8da8e7"
  integrity sha512-dUXuZr5WenIDlMHdMkvDc1FAu4xdWixTCRgP7RQLBOkkGgwuuzaGSYcOpW4jFxzpzL1ejb8yF620UxAqnBrR9g==

"@esbuild/openbsd-arm64@0.25.6":
  version "0.25.6"
  resolved "https://registry.yarnpkg.com/@esbuild/openbsd-arm64/-/openbsd-arm64-0.25.6.tgz#a51be60c425b85c216479b8c344ad0511635f2d2"
  integrity sha512-l8ZCvXP0tbTJ3iaqdNf3pjaOSd5ex/e6/omLIQCVBLmHTlfXW3zAxQ4fnDmPLOB1x9xrcSi/xtCWFwCZRIaEwg==

"@esbuild/openbsd-x64@0.25.6":
  version "0.25.6"
  resolved "https://registry.yarnpkg.com/@esbuild/openbsd-x64/-/openbsd-x64-0.25.6.tgz#7e4a743c73f75562e29223ba69d0be6c9c9008da"
  integrity sha512-hKrmDa0aOFOr71KQ/19JC7az1P0GWtCN1t2ahYAf4O007DHZt/dW8ym5+CUdJhQ/qkZmI1HAF8KkJbEFtCL7gw==

"@esbuild/openharmony-arm64@0.25.6":
  version "0.25.6"
  resolved "https://registry.yarnpkg.com/@esbuild/openharmony-arm64/-/openharmony-arm64-0.25.6.tgz#2087a5028f387879154ebf44bdedfafa17682e5b"
  integrity sha512-+SqBcAWoB1fYKmpWoQP4pGtx+pUUC//RNYhFdbcSA16617cchuryuhOCRpPsjCblKukAckWsV+aQ3UKT/RMPcA==

"@esbuild/sunos-x64@0.25.6":
  version "0.25.6"
  resolved "https://registry.yarnpkg.com/@esbuild/sunos-x64/-/sunos-x64-0.25.6.tgz#56531f861723ea0dc6283a2bb8837304223cb736"
  integrity sha512-dyCGxv1/Br7MiSC42qinGL8KkG4kX0pEsdb0+TKhmJZgCUDBGmyo1/ArCjNGiOLiIAgdbWgmWgib4HoCi5t7kA==

"@esbuild/win32-arm64@0.25.6":
  version "0.25.6"
  resolved "https://registry.yarnpkg.com/@esbuild/win32-arm64/-/win32-arm64-0.25.6.tgz#f4989f033deac6fae323acff58764fa8bc01436e"
  integrity sha512-42QOgcZeZOvXfsCBJF5Afw73t4veOId//XD3i+/9gSkhSV6Gk3VPlWncctI+JcOyERv85FUo7RxuxGy+z8A43Q==

"@esbuild/win32-ia32@0.25.6":
  version "0.25.6"
  resolved "https://registry.yarnpkg.com/@esbuild/win32-ia32/-/win32-ia32-0.25.6.tgz#b260e9df71e3939eb33925076d39f63cec7d1525"
  integrity sha512-4AWhgXmDuYN7rJI6ORB+uU9DHLq/erBbuMoAuB4VWJTu5KtCgcKYPynF0YI1VkBNuEfjNlLrFr9KZPJzrtLkrQ==

"@esbuild/win32-x64@0.25.6":
  version "0.25.6"
  resolved "https://registry.yarnpkg.com/@esbuild/win32-x64/-/win32-x64-0.25.6.tgz#4276edd5c105bc28b11c6a1f76fb9d29d1bd25c1"
  integrity sha512-NgJPHHbEpLQgDH2MjQu90pzW/5vvXIZ7KOnPyNBm92A6WgZ/7b6fJyUBjoumLqeOQQGqY2QjQxRo97ah4Sj0cA==

"@rollup/rollup-android-arm-eabi@4.44.2":
  version "4.44.2"
  resolved "https://registry.yarnpkg.com/@rollup/rollup-android-arm-eabi/-/rollup-android-arm-eabi-4.44.2.tgz#6819b7f1e41a49af566f629a1556eaeea774d043"
  integrity sha512-g0dF8P1e2QYPOj1gu7s/3LVP6kze9A7m6x0BZ9iTdXK8N5c2V7cpBKHV3/9A4Zd8xxavdhK0t4PnqjkqVmUc9Q==

"@rollup/rollup-android-arm64@4.44.2":
  version "4.44.2"
  resolved "https://registry.yarnpkg.com/@rollup/rollup-android-arm64/-/rollup-android-arm64-4.44.2.tgz#7bd5591af68c64a75be1779e2b20f187878daba9"
  integrity sha512-Yt5MKrOosSbSaAK5Y4J+vSiID57sOvpBNBR6K7xAaQvk3MkcNVV0f9fE20T+41WYN8hDn6SGFlFrKudtx4EoxA==

"@rollup/rollup-darwin-arm64@4.44.2":
  version "4.44.2"
  resolved "https://registry.yarnpkg.com/@rollup/rollup-darwin-arm64/-/rollup-darwin-arm64-4.44.2.tgz#e216c333e448c67973386e46dbfe8e381aafb055"
  integrity sha512-EsnFot9ZieM35YNA26nhbLTJBHD0jTwWpPwmRVDzjylQT6gkar+zenfb8mHxWpRrbn+WytRRjE0WKsfaxBkVUA==

"@rollup/rollup-darwin-x64@4.44.2":
  version "4.44.2"
  resolved "https://registry.yarnpkg.com/@rollup/rollup-darwin-x64/-/rollup-darwin-x64-4.44.2.tgz#202f80eea3acfe3f67496fedffa006a5f1ce7f5a"
  integrity sha512-dv/t1t1RkCvJdWWxQ2lWOO+b7cMsVw5YFaS04oHpZRWehI1h0fV1gF4wgGCTyQHHjJDfbNpwOi6PXEafRBBezw==

"@rollup/rollup-freebsd-arm64@4.44.2":
  version "4.44.2"
  resolved "https://registry.yarnpkg.com/@rollup/rollup-freebsd-arm64/-/rollup-freebsd-arm64-4.44.2.tgz#4880f9769f1a7eec436b9c146e1d714338c26567"
  integrity sha512-W4tt4BLorKND4qeHElxDoim0+BsprFTwb+vriVQnFFtT/P6v/xO5I99xvYnVzKWrK6j7Hb0yp3x7V5LUbaeOMg==

"@rollup/rollup-freebsd-x64@4.44.2":
  version "4.44.2"
  resolved "https://registry.yarnpkg.com/@rollup/rollup-freebsd-x64/-/rollup-freebsd-x64-4.44.2.tgz#647d6e333349b1c0fb322c2827ba1a53a0f10301"
  integrity sha512-tdT1PHopokkuBVyHjvYehnIe20fxibxFCEhQP/96MDSOcyjM/shlTkZZLOufV3qO6/FQOSiJTBebhVc12JyPTA==

"@rollup/rollup-linux-arm-gnueabihf@4.44.2":
  version "4.44.2"
  resolved "https://registry.yarnpkg.com/@rollup/rollup-linux-arm-gnueabihf/-/rollup-linux-arm-gnueabihf-4.44.2.tgz#7ba5c97a7224f49618861d093c4a7b40fa50867b"
  integrity sha512-+xmiDGGaSfIIOXMzkhJ++Oa0Gwvl9oXUeIiwarsdRXSe27HUIvjbSIpPxvnNsRebsNdUo7uAiQVgBD1hVriwSQ==

"@rollup/rollup-linux-arm-musleabihf@4.44.2":
  version "4.44.2"
  resolved "https://registry.yarnpkg.com/@rollup/rollup-linux-arm-musleabihf/-/rollup-linux-arm-musleabihf-4.44.2.tgz#f858dcf498299d6c625ec697a5191e0e41423905"
  integrity sha512-bDHvhzOfORk3wt8yxIra8N4k/N0MnKInCW5OGZaeDYa/hMrdPaJzo7CSkjKZqX4JFUWjUGm88lI6QJLCM7lDrA==

"@rollup/rollup-linux-arm64-gnu@4.44.2":
  version "4.44.2"
  resolved "https://registry.yarnpkg.com/@rollup/rollup-linux-arm64-gnu/-/rollup-linux-arm64-gnu-4.44.2.tgz#c0f1fc20c50666c61f574536a00cdd486b6aaae1"
  integrity sha512-NMsDEsDiYghTbeZWEGnNi4F0hSbGnsuOG+VnNvxkKg0IGDvFh7UVpM/14mnMwxRxUf9AdAVJgHPvKXf6FpMB7A==

"@rollup/rollup-linux-arm64-musl@4.44.2":
  version "4.44.2"
  resolved "https://registry.yarnpkg.com/@rollup/rollup-linux-arm64-musl/-/rollup-linux-arm64-musl-4.44.2.tgz#0214efc3e404ddf108e946ad5f7e4ee2792a155a"
  integrity sha512-lb5bxXnxXglVq+7imxykIp5xMq+idehfl+wOgiiix0191av84OqbjUED+PRC5OA8eFJYj5xAGcpAZ0pF2MnW+A==

"@rollup/rollup-linux-loongarch64-gnu@4.44.2":
  version "4.44.2"
  resolved "https://registry.yarnpkg.com/@rollup/rollup-linux-loongarch64-gnu/-/rollup-linux-loongarch64-gnu-4.44.2.tgz#8303c4ea2ae7bcbb96b2c77cfb53527d964bfceb"
  integrity sha512-Yl5Rdpf9pIc4GW1PmkUGHdMtbx0fBLE1//SxDmuf3X0dUC57+zMepow2LK0V21661cjXdTn8hO2tXDdAWAqE5g==

"@rollup/rollup-linux-powerpc64le-gnu@4.44.2":
  version "4.44.2"
  resolved "https://registry.yarnpkg.com/@rollup/rollup-linux-powerpc64le-gnu/-/rollup-linux-powerpc64le-gnu-4.44.2.tgz#4197ffbc61809629094c0fccf825e43a40fbc0ca"
  integrity sha512-03vUDH+w55s680YYryyr78jsO1RWU9ocRMaeV2vMniJJW/6HhoTBwyyiiTPVHNWLnhsnwcQ0oH3S9JSBEKuyqw==

"@rollup/rollup-linux-riscv64-gnu@4.44.2":
  version "4.44.2"
  resolved "https://registry.yarnpkg.com/@rollup/rollup-linux-riscv64-gnu/-/rollup-linux-riscv64-gnu-4.44.2.tgz#bcb99c9004c9b91e3704a6a70c892cb0599b1f42"
  integrity sha512-iYtAqBg5eEMG4dEfVlkqo05xMOk6y/JXIToRca2bAWuqjrJYJlx/I7+Z+4hSrsWU8GdJDFPL4ktV3dy4yBSrzg==

"@rollup/rollup-linux-riscv64-musl@4.44.2":
  version "4.44.2"
  resolved "https://registry.yarnpkg.com/@rollup/rollup-linux-riscv64-musl/-/rollup-linux-riscv64-musl-4.44.2.tgz#3e943bae9b8b4637c573c1922392beb8a5e81acb"
  integrity sha512-e6vEbgaaqz2yEHqtkPXa28fFuBGmUJ0N2dOJK8YUfijejInt9gfCSA7YDdJ4nYlv67JfP3+PSWFX4IVw/xRIPg==

"@rollup/rollup-linux-s390x-gnu@4.44.2":
  version "4.44.2"
  resolved "https://registry.yarnpkg.com/@rollup/rollup-linux-s390x-gnu/-/rollup-linux-s390x-gnu-4.44.2.tgz#dc43fb467bff9547f5b9937f38668da07fa8fa9f"
  integrity sha512-evFOtkmVdY3udE+0QKrV5wBx7bKI0iHz5yEVx5WqDJkxp9YQefy4Mpx3RajIVcM6o7jxTvVd/qpC1IXUhGc1Mw==

"@rollup/rollup-linux-x64-gnu@4.44.2":
  version "4.44.2"
  resolved "https://registry.yarnpkg.com/@rollup/rollup-linux-x64-gnu/-/rollup-linux-x64-gnu-4.44.2.tgz#0699c560fa6ce6b846581a7e6c30c85c22a3f0da"
  integrity sha512-/bXb0bEsWMyEkIsUL2Yt5nFB5naLAwyOWMEviQfQY1x3l5WsLKgvZf66TM7UTfED6erckUVUJQ/jJ1FSpm3pRQ==

"@rollup/rollup-linux-x64-musl@4.44.2":
  version "4.44.2"
  resolved "https://registry.yarnpkg.com/@rollup/rollup-linux-x64-musl/-/rollup-linux-x64-musl-4.44.2.tgz#9fb1becedcdc9e227d4748576eb8ba2fad8d2e29"
  integrity sha512-3D3OB1vSSBXmkGEZR27uiMRNiwN08/RVAcBKwhUYPaiZ8bcvdeEwWPvbnXvvXHY+A/7xluzcN+kaiOFNiOZwWg==

"@rollup/rollup-win32-arm64-msvc@4.44.2":
  version "4.44.2"
  resolved "https://registry.yarnpkg.com/@rollup/rollup-win32-arm64-msvc/-/rollup-win32-arm64-msvc-4.44.2.tgz#fcf3e62edd76c560252b819f69627685f65887d7"
  integrity sha512-VfU0fsMK+rwdK8mwODqYeM2hDrF2WiHaSmCBrS7gColkQft95/8tphyzv2EupVxn3iE0FI78wzffoULH1G+dkw==

"@rollup/rollup-win32-ia32-msvc@4.44.2":
  version "4.44.2"
  resolved "https://registry.yarnpkg.com/@rollup/rollup-win32-ia32-msvc/-/rollup-win32-ia32-msvc-4.44.2.tgz#45a5304491d6da4666f6159be4f739d4d43a283f"
  integrity sha512-+qMUrkbUurpE6DVRjiJCNGZBGo9xM4Y0FXU5cjgudWqIBWbcLkjE3XprJUsOFgC6xjBClwVa9k6O3A7K3vxb5Q==

"@rollup/rollup-win32-x64-msvc@4.44.2":
  version "4.44.2"
  resolved "https://registry.yarnpkg.com/@rollup/rollup-win32-x64-msvc/-/rollup-win32-x64-msvc-4.44.2.tgz#660018c9696ad4f48abe8c5d56db53c81aadba25"
  integrity sha512-3+QZROYfJ25PDcxFF66UEk8jGWigHJeecZILvkPkyQN7oc5BvFo4YEXFkOs154j3FTMp9mn9Ky8RCOwastduEA==

"@types/estree@1.0.8":
  version "1.0.8"
  resolved "https://registry.yarnpkg.com/@types/estree/-/estree-1.0.8.tgz#958b91c991b1867ced318bedea0e215ee050726e"
  integrity sha512-dWHzHa2WqEXI/O1E9OjrocMTKJl2mSrEolh1Iomrv6U+JuNwaHXsXx9bLu5gG7BUWFIN0skIQJQ/L1rIex4X6w==

esbuild@^0.25.0:
  version "0.25.6"
  resolved "https://registry.yarnpkg.com/esbuild/-/esbuild-0.25.6.tgz#9b82a3db2fa131aec069ab040fd57ed0a880cdcd"
  integrity sha512-GVuzuUwtdsghE3ocJ9Bs8PNoF13HNQ5TXbEi2AhvVb8xU1Iwt9Fos9FEamfoee+u/TOsn7GUWc04lz46n2bbTg==
  optionalDependencies:
    "@esbuild/aix-ppc64" "0.25.6"
    "@esbuild/android-arm" "0.25.6"
    "@esbuild/android-arm64" "0.25.6"
    "@esbuild/android-x64" "0.25.6"
    "@esbuild/darwin-arm64" "0.25.6"
    "@esbuild/darwin-x64" "0.25.6"
    "@esbuild/freebsd-arm64" "0.25.6"
    "@esbuild/freebsd-x64" "0.25.6"
    "@esbuild/linux-arm" "0.25.6"
    "@esbuild/linux-arm64" "0.25.6"
    "@esbuild/linux-ia32" "0.25.6"
    "@esbuild/linux-loong64" "0.25.6"
    "@esbuild/linux-mips64el" "0.25.6"
    "@esbuild/linux-ppc64" "0.25.6"
    "@esbuild/linux-riscv64" "0.25.6"
    "@esbuild/linux-s390x" "0.25.6"
    "@esbuild/linux-x64" "0.25.6"
    "@esbuild/netbsd-arm64" "0.25.6"
    "@esbuild/netbsd-x64" "0.25.6"
    "@esbuild/openbsd-arm64" "0.25.6"
    "@esbuild/openbsd-x64" "0.25.6"
    "@esbuild/openharmony-arm64" "0.25.6"
    "@esbuild/sunos-x64" "0.25.6"
    "@esbuild/win32-arm64" "0.25.6"
    "@esbuild/win32-ia32" "0.25.6"
    "@esbuild/win32-x64" "0.25.6"

fdir@^6.4.4, fdir@^6.4.6:
  version "6.4.6"
  resolved "https://registry.yarnpkg.com/fdir/-/fdir-6.4.6.tgz#2b268c0232697063111bbf3f64810a2a741ba281"
  integrity sha512-hiFoqpyZcfNm1yc4u8oWCf9A2c4D3QjCrks3zmoVKVxpQRzmPNar1hUJcBG2RQHvEVGDN+Jm81ZheVLAQMK6+w==

fsevents@~2.3.2, fsevents@~2.3.3:
  version "2.3.3"
  resolved "https://registry.yarnpkg.com/fsevents/-/fsevents-2.3.3.tgz#cac6407785d03675a2a5e1a5305c697b347d90d6"
  integrity sha512-5xoDfX+fL7faATnagmWPpbFtwh/R77WmMMqqHGS65C3vvB0YHrgF+B1YmZ3441tMj5n63k0212XNoJwzlhffQw==

nanoid@^3.3.11:
  version "3.3.11"
  resolved "https://registry.yarnpkg.com/nanoid/-/nanoid-3.3.11.tgz#4f4f112cefbe303202f2199838128936266d185b"
  integrity sha512-N8SpfPUnUp1bK+PMYW8qSWdl9U+wwNWI4QKxOYDy9JAro3WMX7p2OeVRF9v+347pnakNevPmiHhNmZ2HbFA76w==

picocolors@^1.1.1:
  version "1.1.1"
  resolved "https://registry.yarnpkg.com/picocolors/-/picocolors-1.1.1.tgz#3d321af3eab939b083c8f929a1d12cda81c26b6b"
  integrity sha512-xceH2snhtb5M9liqDsmEw56le376mTZkEX/jEb/RxNFyegNul7eNslCXP9FDj/Lcu0X8KEyMceP2ntpaHrDEVA==

picomatch@^4.0.2:
  version "4.0.2"
  resolved "https://registry.yarnpkg.com/picomatch/-/picomatch-4.0.2.tgz#77c742931e8f3b8820946c76cd0c1f13730d1dab"
  integrity sha512-M7BAV6Rlcy5u+m6oPhAPFgJTzAioX/6B0DxyvDlo9l8+T3nLKbrczg2WLUyzd45L8RqfUMyGPzekbMvX2Ldkwg==

postcss@^8.5.6:
  version "8.5.6"
  resolved "https://registry.yarnpkg.com/postcss/-/postcss-8.5.6.tgz#2825006615a619b4f62a9e7426cc120b349a8f3c"
  integrity sha512-3Ybi1tAuwAP9s0r1UQ2J4n5Y0G05bJkpUIO0/bI9MhwmD70S5aTWbXGBwxHrelT+XM1k6dM0pk+SwNkpTRN7Pg==
  dependencies:
    nanoid "^3.3.11"
    picocolors "^1.1.1"
    source-map-js "^1.2.1"

rollup@^4.40.0:
  version "4.44.2"
  resolved "https://registry.yarnpkg.com/rollup/-/rollup-4.44.2.tgz#faedb27cb2aa6742530c39668092eecbaf78c488"
  integrity sha512-PVoapzTwSEcelaWGth3uR66u7ZRo6qhPHc0f2uRO9fX6XDVNrIiGYS0Pj9+R8yIIYSD/mCx2b16Ws9itljKSPg==
  dependencies:
    "@types/estree" "1.0.8"
  optionalDependencies:
    "@rollup/rollup-android-arm-eabi" "4.44.2"
    "@rollup/rollup-android-arm64" "4.44.2"
    "@rollup/rollup-darwin-arm64" "4.44.2"
    "@rollup/rollup-darwin-x64" "4.44.2"
    "@rollup/rollup-freebsd-arm64" "4.44.2"
    "@rollup/rollup-freebsd-x64" "4.44.2"
    "@rollup/rollup-linux-arm-gnueabihf" "4.44.2"
    "@rollup/rollup-linux-arm-musleabihf" "4.44.2"
    "@rollup/rollup-linux-arm64-gnu" "4.44.2"
    "@rollup/rollup-linux-arm64-musl" "4.44.2"
    "@rollup/rollup-linux-loongarch64-gnu" "4.44.2"
    "@rollup/rollup-linux-powerpc64le-gnu" "4.44.2"
    "@rollup/rollup-linux-riscv64-gnu" "4.44.2"
    "@rollup/rollup-linux-riscv64-musl" "4.44.2"
    "@rollup/rollup-linux-s390x-gnu" "4.44.2"
    "@rollup/rollup-linux-x64-gnu" "4.44.2"
    "@rollup/rollup-linux-x64-musl" "4.44.2"
    "@rollup/rollup-win32-arm64-msvc" "4.44.2"
    "@rollup/rollup-win32-ia32-msvc" "4.44.2"
    "@rollup/rollup-win32-x64-msvc" "4.44.2"
    fsevents "~2.3.2"

source-map-js@^1.2.1:
  version "1.2.1"
  resolved "https://registry.yarnpkg.com/source-map-js/-/source-map-js-1.2.1.tgz#1ce5650fddd87abc099eda37dcff024c2667ae46"
  integrity sha512-UXWMKhLOwVKb728IUtQPXxfYU+usdybtUrK/8uGE8CQMvrhOpwvzDBwj0QhSL7MQc7vIsISBG8VQ8+IDQxpfQA==

tinyglobby@^0.2.14:
  version "0.2.14"
  resolved "https://registry.yarnpkg.com/tinyglobby/-/tinyglobby-0.2.14.tgz#5280b0cf3f972b050e74ae88406c0a6a58f4079d"
  integrity sha512-tX5e7OM1HnYr2+a2C/4V0htOcSQcoSTH9KgJnVvNm5zm/cyEWKJ7j7YutsH9CxMdtOkkLFy2AHrMci9IM8IPZQ==
  dependencies:
    fdir "^6.4.4"
    picomatch "^4.0.2"

typescript@~5.8.3:
  version "5.8.3"
  resolved "https://registry.yarnpkg.com/typescript/-/typescript-5.8.3.tgz#92f8a3e5e3cf497356f4178c34cd65a7f5e8440e"
  integrity sha512-p1diW6TqL9L07nNxvRMM7hMMw4c5XOo/1ibL4aAIGmSAt9slTE1Xgw5KWuof2uTOvCg9BY7ZRi+GaF+7sfgPeQ==

vite@^7.0.3:
  version "7.0.3"
  resolved "https://registry.yarnpkg.com/vite/-/vite-7.0.3.tgz#3bf15e1a6d054960406a70fa1052043938b39c5a"
  integrity sha512-y2L5oJZF7bj4c0jgGYgBNSdIu+5HF+m68rn2cQXFbGoShdhV1phX9rbnxy9YXj82aS8MMsCLAAFkRxZeWdldrQ==
  dependencies:
    esbuild "^0.25.0"
    fdir "^6.4.6"
    picomatch "^4.0.2"
    postcss "^8.5.6"
    rollup "^4.40.0"
    tinyglobby "^0.2.14"
  optionalDependencies:
    fsevents "~2.3.3"
