{
  "lockfileVersion": 1,
  "configVersion": 1,
  "workspaces": {
    "": {
      "name": "metabase-e2e-playwright",
      "devDependencies": {
        "@playwright/test": "^1.54.0",
        "@types/node": "^22.0.0",
        "typescript": "^5.5.0",
      },
    },
  },
  "packages": {
    "@playwright/test": ["@playwright/test@1.61.1", "", { "dependencies": { "playwright": "1.61.1" }, "bin": { "playwright": "cli.js" } }, "sha512-8nKv6+0RJSL9FE4jYOEGXnPeM/Hg12qZpmqzZjRh3qM0Y7c3z1mrOTfFLids72RDQYVh9WpLEfR5WdpNX4fkig=="],

    "@types/node": ["@types/node@22.20.1", "", { "dependencies": { "undici-types": "~6.21.0" } }, "sha512-EANqOCF9QFyra+4pfxUcX9STKJpCLjMbObVzljIJomAWSnuSIEAvyzEU53GaajbXJEgdh0iEcPL+DGvpUd4k1Q=="],

    "fsevents": ["fsevents@2.3.2", "", { "os": "darwin" }, "sha512-xiqMQR4xAeHTuB9uWm+fFRcIOgKBMiOBP+eXiyT7jsgVCq1bkVygt00oASowB7EdtpOHaaPgKt812P9ab+DDKA=="],

    "playwright": ["playwright@1.61.1", "", { "dependencies": { "playwright-core": "1.61.1" }, "optionalDependencies": { "fsevents": "2.3.2" }, "bin": { "playwright": "cli.js" } }, "sha512-DWnY5o3YbLWK4GovuAVwpqL+1VwGNdUGrRr++8j8PtQQzvAVZUIMjKQ90fY689sEJZJBbZVw1rXaOKSTitkzPQ=="],

    "playwright-core": ["playwright-core@1.61.1", "", { "bin": { "playwright-core": "cli.js" } }, "sha512-h7Qlt6m4REp25qvIdvbDtVmD4LqVXfpRxhORv9L0jzETM05p4fuPJ3dKyuSXQxDSbXnmS79HAgi9589lGSpLkg=="],

    "typescript": ["typescript@5.9.3", "", { "bin": { "tsc": "bin/tsc", "tsserver": "bin/tsserver" } }, "sha512-jl1vZzPDinLr9eUt3J/t7V6FgNEw9QjvBPdysz9KfQDD41fQrC2Y4vKQdiaUpFT4bXlb1RHhLpp8wtm6M5TgSw=="],

    "undici-types": ["undici-types@6.21.0", "", {}, "sha512-iwDZqg0QAGrg9Rav5H4n0M64c3mkR59cJ6wQp+7C4nI0gsmExaedaYLNO44eT4AtBBwjbTiGPMlt2Md0T9H9JQ=="],
  }
}
