// !$*UTF8*$!
{
	archiveVersion = 1;
	classes = {
	};
	objectVersion = 46;
	objects = {

/* Begin PBXBuildFile section */
		D105B23C1BB5BE4A00A5D850 /* back_icon@1x.png in Resources */ = {isa = PBXBuildFile; fileRef = D105B2331BB5BE4A00A5D850 /* back_icon@1x.png */; };
		D105B23D1BB5BE4A00A5D850 /* back_icon@2x.png in Resources */ = {isa = PBXBuildFile; fileRef = D105B2341BB5BE4A00A5D850 /* back_icon@2x.png */; };
		D105B23E1BB5BE4A00A5D850 /* forward_icon@1x.png in Resources */ = {isa = PBXBuildFile; fileRef = D105B2351BB5BE4A00A5D850 /* forward_icon@1x.png */; };
		D105B23F1BB5BE4A00A5D850 /* forward_icon@2x.png in Resources */ = {isa = PBXBuildFile; fileRef = D105B2361BB5BE4A00A5D850 /* forward_icon@2x.png */; };
		D105B2401BB5BE4A00A5D850 /* link_icon@1x.png in Resources */ = {isa = PBXBuildFile; fileRef = D105B2371BB5BE4A00A5D850 /* link_icon@1x.png */; };
		D105B2411BB5BE4A00A5D850 /* link_icon@2x.png in Resources */ = {isa = PBXBuildFile; fileRef = D105B2381BB5BE4A00A5D850 /* link_icon@2x.png */; };
		D105B2431BB5BE4A00A5D850 /* refresh_icon@1x.png in Resources */ = {isa = PBXBuildFile; fileRef = D105B23A1BB5BE4A00A5D850 /* refresh_icon@1x.png */; };
		D105B2441BB5BE4A00A5D850 /* refresh_icon@2x.png in Resources */ = {isa = PBXBuildFile; fileRef = D105B23B1BB5BE4A00A5D850 /* refresh_icon@2x.png */; };
		D121FD651BC5B2AF002101B0 /* Sparkle.framework in Frameworks */ = {isa = PBXBuildFile; fileRef = D121FD641BC5B2AF002101B0 /* Sparkle.framework */; };
		D121FD671BC5B375002101B0 /* Sparkle.framework in CopyFiles */ = {isa = PBXBuildFile; fileRef = D121FD641BC5B2AF002101B0 /* Sparkle.framework */; settings = {ATTRIBUTES = (CodeSignOnCopy, ); }; };
		D121FD691BC5B4E7002101B0 /* dsa_pub.pem in Resources */ = {isa = PBXBuildFile; fileRef = D121FD681BC5B4E7002101B0 /* dsa_pub.pem */; };
		D162C4A81BC87D2B009F678F /* AppDelegate.m in Sources */ = {isa = PBXBuildFile; fileRef = D162C49A1BC87D2B009F678F /* AppDelegate.m */; };
		D162C4A91BC87D2B009F678F /* MetabaseTask.m in Sources */ = {isa = PBXBuildFile; fileRef = D162C49C1BC87D2B009F678F /* MetabaseTask.m */; };
		D162C4AA1BC87D2B009F678F /* SettingsManager.m in Sources */ = {isa = PBXBuildFile; fileRef = D162C49E1BC87D2B009F678F /* SettingsManager.m */; };
		D162C4AB1BC87D2B009F678F /* TaskHealthChecker.m in Sources */ = {isa = PBXBuildFile; fileRef = D162C4A01BC87D2B009F678F /* TaskHealthChecker.m */; };
		D162C4AE1BC87D2B009F678F /* MainMenu.xib in Resources */ = {isa = PBXBuildFile; fileRef = D162C4A51BC87D2B009F678F /* MainMenu.xib */; };
		D162C4AF1BC87D2B009F678F /* MainViewController.m in Sources */ = {isa = PBXBuildFile; fileRef = D162C4A71BC87D2B009F678F /* MainViewController.m */; };
		D18853BF1BB0CEC600D89803 /* Cocoa.framework in Frameworks */ = {isa = PBXBuildFile; fileRef = D18853BE1BB0CEC600D89803 /* Cocoa.framework */; };
		D18853C91BB0CEC600D89803 /* InfoPlist.strings in Resources */ = {isa = PBXBuildFile; fileRef = D18853C71BB0CEC600D89803 /* InfoPlist.strings */; };
		D18853CB1BB0CEC600D89803 /* main.m in Sources */ = {isa = PBXBuildFile; fileRef = D18853CA1BB0CEC600D89803 /* main.m */; };
		D18853CF1BB0CEC600D89803 /* Credits.rtf in Resources */ = {isa = PBXBuildFile; fileRef = D18853CD1BB0CEC600D89803 /* Credits.rtf */; };
		D18853D71BB0CEC600D89803 /* Images.xcassets in Resources */ = {isa = PBXBuildFile; fileRef = D18853D61BB0CEC600D89803 /* Images.xcassets */; };
		D18853DE1BB0CEC600D89803 /* XCTest.framework in Frameworks */ = {isa = PBXBuildFile; fileRef = D18853DD1BB0CEC600D89803 /* XCTest.framework */; };
		D18853DF1BB0CEC600D89803 /* Cocoa.framework in Frameworks */ = {isa = PBXBuildFile; fileRef = D18853BE1BB0CEC600D89803 /* Cocoa.framework */; };
		D18853F91BB0D37C00D89803 /* WebKit.framework in Frameworks */ = {isa = PBXBuildFile; fileRef = D18853F81BB0D37B00D89803 /* WebKit.framework */; };
		D18854041BB0DC2600D89803 /* metabase.jar in Resources */ = {isa = PBXBuildFile; fileRef = D18854021BB0DB6000D89803 /* metabase.jar */; };
		D18855611BB1C8D700D89803 /* jre in Resources */ = {isa = PBXBuildFile; fileRef = D188555E1BB1C86F00D89803 /* jre */; };
		D1BDAC681C053E0A0075D3AC /* ResetPasswordWindowController.m in Sources */ = {isa = PBXBuildFile; fileRef = D1BDAC671C053E0A0075D3AC /* ResetPasswordWindowController.m */; };
		D1BDAC6A1C053E220075D3AC /* ResetPasswordWindowController.xib in Resources */ = {isa = PBXBuildFile; fileRef = D1BDAC691C053E220075D3AC /* ResetPasswordWindowController.xib */; };
		D1BDAC6D1C0565640075D3AC /* JavaTask.m in Sources */ = {isa = PBXBuildFile; fileRef = D1BDAC6C1C0565640075D3AC /* JavaTask.m */; };
		D1BDAC721C05695B0075D3AC /* ResetPasswordTask.m in Sources */ = {isa = PBXBuildFile; fileRef = D1BDAC711C05695B0075D3AC /* ResetPasswordTask.m */; };
		D1CB9FE81BCEDE9A009A61FB /* LoadingView.m in Sources */ = {isa = PBXBuildFile; fileRef = D1CB9FE71BCEDE9A009A61FB /* LoadingView.m */; };
		D1CB9FEA1BCEDEA5009A61FB /* LoadingView.xib in Resources */ = {isa = PBXBuildFile; fileRef = D1CB9FE91BCEDEA5009A61FB /* LoadingView.xib */; };
		D1CB9FED1BCEDF02009A61FB /* Loading_View_Inner.png in Resources */ = {isa = PBXBuildFile; fileRef = D1CB9FEB1BCEDF02009A61FB /* Loading_View_Inner.png */; };
		D1CB9FEE1BCEDF02009A61FB /* Loading_View_Outer.png in Resources */ = {isa = PBXBuildFile; fileRef = D1CB9FEC1BCEDF02009A61FB /* Loading_View_Outer.png */; };
		D1DFF6C31BCEF9E700ECC7B6 /* Loading_View_Inner@2x.png in Resources */ = {isa = PBXBuildFile; fileRef = D1DFF6C11BCEF9E700ECC7B6 /* Loading_View_Inner@2x.png */; };
		D1DFF6C41BCEF9E700ECC7B6 /* Loading_View_Outer@2x.png in Resources */ = {isa = PBXBuildFile; fileRef = D1DFF6C21BCEF9E700ECC7B6 /* Loading_View_Outer@2x.png */; };
/* End PBXBuildFile section */

/* Begin PBXContainerItemProxy section */
		D18853E01BB0CEC600D89803 /* PBXContainerItemProxy */ = {
			isa = PBXContainerItemProxy;
			containerPortal = D18853B31BB0CEC600D89803 /* Project object */;
			proxyType = 1;
			remoteGlobalIDString = D18853BA1BB0CEC600D89803;
			remoteInfo = Metabase;
		};
/* End PBXContainerItemProxy section */

/* Begin PBXCopyFilesBuildPhase section */
		D121FD661BC5B364002101B0 /* CopyFiles */ = {
			isa = PBXCopyFilesBuildPhase;
			buildActionMask = 12;
			dstPath = "";
			dstSubfolderSpec = 10;
			files = (
				D121FD671BC5B375002101B0 /* Sparkle.framework in CopyFiles */,
			);
			runOnlyForDeploymentPostprocessing = 0;
		};
/* End PBXCopyFilesBuildPhase section */

/* Begin PBXFileReference section */
		329A3BAF23C54C6700D0949B /* Metabase.entitlements */ = {isa = PBXFileReference; lastKnownFileType = text.plist.entitlements; path = Metabase.entitlements; sourceTree = "<group>"; };
		D105B2331BB5BE4A00A5D850 /* back_icon@1x.png */ = {isa = PBXFileReference; lastKnownFileType = image.png; path = "back_icon@1x.png"; sourceTree = "<group>"; };
		D105B2341BB5BE4A00A5D850 /* back_icon@2x.png */ = {isa = PBXFileReference; lastKnownFileType = image.png; path = "back_icon@2x.png"; sourceTree = "<group>"; };
		D105B2351BB5BE4A00A5D850 /* forward_icon@1x.png */ = {isa = PBXFileReference; lastKnownFileType = image.png; path = "forward_icon@1x.png"; sourceTree = "<group>"; };
		D105B2361BB5BE4A00A5D850 /* forward_icon@2x.png */ = {isa = PBXFileReference; lastKnownFileType = image.png; path = "forward_icon@2x.png"; sourceTree = "<group>"; };
		D105B2371BB5BE4A00A5D850 /* link_icon@1x.png */ = {isa = PBXFileReference; lastKnownFileType = image.png; path = "link_icon@1x.png"; sourceTree = "<group>"; };
		D105B2381BB5BE4A00A5D850 /* link_icon@2x.png */ = {isa = PBXFileReference; lastKnownFileType = image.png; path = "link_icon@2x.png"; sourceTree = "<group>"; };
		D105B23A1BB5BE4A00A5D850 /* refresh_icon@1x.png */ = {isa = PBXFileReference; lastKnownFileType = image.png; path = "refresh_icon@1x.png"; sourceTree = "<group>"; };
		D105B23B1BB5BE4A00A5D850 /* refresh_icon@2x.png */ = {isa = PBXFileReference; lastKnownFileType = image.png; path = "refresh_icon@2x.png"; sourceTree = "<group>"; };
		D121FD641BC5B2AF002101B0 /* Sparkle.framework */ = {isa = PBXFileReference; lastKnownFileType = wrapper.framework; path = Sparkle.framework; sourceTree = "<group>"; };
		D121FD681BC5B4E7002101B0 /* dsa_pub.pem */ = {isa = PBXFileReference; fileEncoding = 4; lastKnownFileType = text; path = dsa_pub.pem; sourceTree = "<group>"; };
		D162C4991BC87D2B009F678F /* AppDelegate.h */ = {isa = PBXFileReference; fileEncoding = 4; lastKnownFileType = sourcecode.c.h; path = AppDelegate.h; sourceTree = "<group>"; };
		D162C49A1BC87D2B009F678F /* AppDelegate.m */ = {isa = PBXFileReference; fileEncoding = 4; lastKnownFileType = sourcecode.c.objc; path = AppDelegate.m; sourceTree = "<group>"; };
		D162C49B1BC87D2B009F678F /* MetabaseTask.h */ = {isa = PBXFileReference; fileEncoding = 4; lastKnownFileType = sourcecode.c.h; path = MetabaseTask.h; sourceTree = "<group>"; };
		D162C49C1BC87D2B009F678F /* MetabaseTask.m */ = {isa = PBXFileReference; fileEncoding = 4; lastKnownFileType = sourcecode.c.objc; path = MetabaseTask.m; sourceTree = "<group>"; };
		D162C49D1BC87D2B009F678F /* SettingsManager.h */ = {isa = PBXFileReference; fileEncoding = 4; lastKnownFileType = sourcecode.c.h; path = SettingsManager.h; sourceTree = "<group>"; };
		D162C49E1BC87D2B009F678F /* SettingsManager.m */ = {isa = PBXFileReference; fileEncoding = 4; lastKnownFileType = sourcecode.c.objc; path = SettingsManager.m; sourceTree = "<group>"; };
		D162C49F1BC87D2B009F678F /* TaskHealthChecker.h */ = {isa = PBXFileReference; fileEncoding = 4; lastKnownFileType = sourcecode.c.h; path = TaskHealthChecker.h; sourceTree = "<group>"; };
		D162C4A01BC87D2B009F678F /* TaskHealthChecker.m */ = {isa = PBXFileReference; fileEncoding = 4; lastKnownFileType = sourcecode.c.objc; path = TaskHealthChecker.m; sourceTree = "<group>"; };
		D162C4A51BC87D2B009F678F /* MainMenu.xib */ = {isa = PBXFileReference; fileEncoding = 4; lastKnownFileType = file.xib; path = MainMenu.xib; sourceTree = "<group>"; };
		D162C4A61BC87D2B009F678F /* MainViewController.h */ = {isa = PBXFileReference; fileEncoding = 4; lastKnownFileType = sourcecode.c.h; path = MainViewController.h; sourceTree = "<group>"; };
		D162C4A71BC87D2B009F678F /* MainViewController.m */ = {isa = PBXFileReference; fileEncoding = 4; lastKnownFileType = sourcecode.c.objc; path = MainViewController.m; sourceTree = "<group>"; };
		D18853BB1BB0CEC600D89803 /* Metabase.app */ = {isa = PBXFileReference; explicitFileType = wrapper.application; includeInIndex = 0; path = Metabase.app; sourceTree = BUILT_PRODUCTS_DIR; };
		D18853BE1BB0CEC600D89803 /* Cocoa.framework */ = {isa = PBXFileReference; lastKnownFileType = wrapper.framework; name = Cocoa.framework; path = System/Library/Frameworks/Cocoa.framework; sourceTree = SDKROOT; };
		D18853C11BB0CEC600D89803 /* AppKit.framework */ = {isa = PBXFileReference; lastKnownFileType = wrapper.framework; name = AppKit.framework; path = System/Library/Frameworks/AppKit.framework; sourceTree = SDKROOT; };
		D18853C21BB0CEC600D89803 /* CoreData.framework */ = {isa = PBXFileReference; lastKnownFileType = wrapper.framework; name = CoreData.framework; path = System/Library/Frameworks/CoreData.framework; sourceTree = SDKROOT; };
		D18853C31BB0CEC600D89803 /* Foundation.framework */ = {isa = PBXFileReference; lastKnownFileType = wrapper.framework; name = Foundation.framework; path = System/Library/Frameworks/Foundation.framework; sourceTree = SDKROOT; };
		D18853C61BB0CEC600D89803 /* Metabase-Info.plist */ = {isa = PBXFileReference; lastKnownFileType = text.plist.xml; path = "Metabase-Info.plist"; sourceTree = "<group>"; };
		D18853C81BB0CEC600D89803 /* en */ = {isa = PBXFileReference; lastKnownFileType = text.plist.strings; name = en; path = en.lproj/InfoPlist.strings; sourceTree = "<group>"; };
		D18853CA1BB0CEC600D89803 /* main.m */ = {isa = PBXFileReference; lastKnownFileType = sourcecode.c.objc; path = main.m; sourceTree = "<group>"; };
		D18853CC1BB0CEC600D89803 /* Metabase-Prefix.pch */ = {isa = PBXFileReference; lastKnownFileType = sourcecode.c.h; path = "Metabase-Prefix.pch"; sourceTree = "<group>"; };
		D18853CE1BB0CEC600D89803 /* en */ = {isa = PBXFileReference; lastKnownFileType = text.rtf; name = en; path = en.lproj/Credits.rtf; sourceTree = "<group>"; };
		D18853D61BB0CEC600D89803 /* Images.xcassets */ = {isa = PBXFileReference; lastKnownFileType = folder.assetcatalog; name = Images.xcassets; path = ../Metabase/Images.xcassets; sourceTree = "<group>"; };
		D18853DC1BB0CEC600D89803 /* MetabaseTests.xctest */ = {isa = PBXFileReference; explicitFileType = wrapper.cfbundle; includeInIndex = 0; path = MetabaseTests.xctest; sourceTree = BUILT_PRODUCTS_DIR; };
		D18853DD1BB0CEC600D89803 /* XCTest.framework */ = {isa = PBXFileReference; lastKnownFileType = wrapper.framework; name = XCTest.framework; path = Library/Frameworks/XCTest.framework; sourceTree = DEVELOPER_DIR; };
		D18853F81BB0D37B00D89803 /* WebKit.framework */ = {isa = PBXFileReference; lastKnownFileType = wrapper.framework; name = WebKit.framework; path = System/Library/Frameworks/WebKit.framework; sourceTree = SDKROOT; };
		D18854021BB0DB6000D89803 /* metabase.jar */ = {isa = PBXFileReference; lastKnownFileType = archive.jar; path = metabase.jar; sourceTree = "<group>"; };
		D188555E1BB1C86F00D89803 /* jre */ = {isa = PBXFileReference; lastKnownFileType = folder; name = jre; path = Metabase/jre; sourceTree = "<group>"; };
		D1BDAC661C053E0A0075D3AC /* ResetPasswordWindowController.h */ = {isa = PBXFileReference; fileEncoding = 4; lastKnownFileType = sourcecode.c.h; path = ResetPasswordWindowController.h; sourceTree = "<group>"; };
		D1BDAC671C053E0A0075D3AC /* ResetPasswordWindowController.m */ = {isa = PBXFileReference; fileEncoding = 4; lastKnownFileType = sourcecode.c.objc; path = ResetPasswordWindowController.m; sourceTree = "<group>"; };
		D1BDAC691C053E220075D3AC /* ResetPasswordWindowController.xib */ = {isa = PBXFileReference; fileEncoding = 4; lastKnownFileType = file.xib; path = ResetPasswordWindowController.xib; sourceTree = "<group>"; };
		D1BDAC6B1C0565640075D3AC /* JavaTask.h */ = {isa = PBXFileReference; fileEncoding = 4; lastKnownFileType = sourcecode.c.h; path = JavaTask.h; sourceTree = "<group>"; };
		D1BDAC6C1C0565640075D3AC /* JavaTask.m */ = {isa = PBXFileReference; fileEncoding = 4; lastKnownFileType = sourcecode.c.objc; path = JavaTask.m; sourceTree = "<group>"; };
		D1BDAC701C05695B0075D3AC /* ResetPasswordTask.h */ = {isa = PBXFileReference; fileEncoding = 4; lastKnownFileType = sourcecode.c.h; path = ResetPasswordTask.h; sourceTree = "<group>"; };
		D1BDAC711C05695B0075D3AC /* ResetPasswordTask.m */ = {isa = PBXFileReference; fileEncoding = 4; lastKnownFileType = sourcecode.c.objc; path = ResetPasswordTask.m; sourceTree = "<group>"; };
		D1CB9FE61BCEDE9A009A61FB /* LoadingView.h */ = {isa = PBXFileReference; fileEncoding = 4; lastKnownFileType = sourcecode.c.h; path = LoadingView.h; sourceTree = "<group>"; };
		D1CB9FE71BCEDE9A009A61FB /* LoadingView.m */ = {isa = PBXFileReference; fileEncoding = 4; lastKnownFileType = sourcecode.c.objc; path = LoadingView.m; sourceTree = "<group>"; };
		D1CB9FE91BCEDEA5009A61FB /* LoadingView.xib */ = {isa = PBXFileReference; fileEncoding = 4; lastKnownFileType = file.xib; path = LoadingView.xib; sourceTree = "<group>"; };
		D1CB9FEB1BCEDF02009A61FB /* Loading_View_Inner.png */ = {isa = PBXFileReference; lastKnownFileType = image.png; path = Loading_View_Inner.png; sourceTree = "<group>"; };
		D1CB9FEC1BCEDF02009A61FB /* Loading_View_Outer.png */ = {isa = PBXFileReference; lastKnownFileType = image.png; path = Loading_View_Outer.png; sourceTree = "<group>"; };
		D1DFF6C11BCEF9E700ECC7B6 /* Loading_View_Inner@2x.png */ = {isa = PBXFileReference; lastKnownFileType = image.png; path = "Loading_View_Inner@2x.png"; sourceTree = "<group>"; };
		D1DFF6C21BCEF9E700ECC7B6 /* Loading_View_Outer@2x.png */ = {isa = PBXFileReference; lastKnownFileType = image.png; path = "Loading_View_Outer@2x.png"; sourceTree = "<group>"; };
/* End PBXFileReference section */

/* Begin PBXFrameworksBuildPhase section */
		D18853B81BB0CEC600D89803 /* Frameworks */ = {
			isa = PBXFrameworksBuildPhase;
			buildActionMask = 2147483647;
			files = (
				D18853F91BB0D37C00D89803 /* WebKit.framework in Frameworks */,
				D121FD651BC5B2AF002101B0 /* Sparkle.framework in Frameworks */,
				D18853BF1BB0CEC600D89803 /* Cocoa.framework in Frameworks */,
			);
			runOnlyForDeploymentPostprocessing = 0;
		};
		D18853D91BB0CEC600D89803 /* Frameworks */ = {
			isa = PBXFrameworksBuildPhase;
			buildActionMask = 2147483647;
			files = (
				D18853DF1BB0CEC600D89803 /* Cocoa.framework in Frameworks */,
				D18853DE1BB0CEC600D89803 /* XCTest.framework in Frameworks */,
			);
			runOnlyForDeploymentPostprocessing = 0;
		};
/* End PBXFrameworksBuildPhase section */

/* Begin PBXGroup section */
		D105B1BD1BB378C100A5D850 /* Vendor */ = {
			isa = PBXGroup;
			children = (
				D121FD631BC5B2AF002101B0 /* Sparkle-1.11.0 */,
			);
			path = Vendor;
			sourceTree = "<group>";
		};
		D105B2321BB5BE4A00A5D850 /* Images */ = {
			isa = PBXGroup;
			children = (
				D1CB9FEB1BCEDF02009A61FB /* Loading_View_Inner.png */,
				D1CB9FEC1BCEDF02009A61FB /* Loading_View_Outer.png */,
				D1DFF6C11BCEF9E700ECC7B6 /* Loading_View_Inner@2x.png */,
				D1DFF6C21BCEF9E700ECC7B6 /* Loading_View_Outer@2x.png */,
				D105B2331BB5BE4A00A5D850 /* back_icon@1x.png */,
				D105B2341BB5BE4A00A5D850 /* back_icon@2x.png */,
				D105B2351BB5BE4A00A5D850 /* forward_icon@1x.png */,
				D105B2361BB5BE4A00A5D850 /* forward_icon@2x.png */,
				D105B2371BB5BE4A00A5D850 /* link_icon@1x.png */,
				D105B2381BB5BE4A00A5D850 /* link_icon@2x.png */,
				D105B23A1BB5BE4A00A5D850 /* refresh_icon@1x.png */,
				D105B23B1BB5BE4A00A5D850 /* refresh_icon@2x.png */,
			);
			path = Images;
			sourceTree = "<group>";
		};
		D121FD631BC5B2AF002101B0 /* Sparkle-1.11.0 */ = {
			isa = PBXGroup;
			children = (
				D121FD641BC5B2AF002101B0 /* Sparkle.framework */,
			);
			path = "Sparkle-1.11.0";
			sourceTree = "<group>";
		};
		D162C4981BC87D2B009F678F /* Backend */ = {
			isa = PBXGroup;
			children = (
				D162C4991BC87D2B009F678F /* AppDelegate.h */,
				D162C49A1BC87D2B009F678F /* AppDelegate.m */,
				D162C49D1BC87D2B009F678F /* SettingsManager.h */,
				D162C49E1BC87D2B009F678F /* SettingsManager.m */,
				D162C49F1BC87D2B009F678F /* TaskHealthChecker.h */,
				D162C4A01BC87D2B009F678F /* TaskHealthChecker.m */,
				D1BDAC6B1C0565640075D3AC /* JavaTask.h */,
				D1BDAC6C1C0565640075D3AC /* JavaTask.m */,
				D162C49B1BC87D2B009F678F /* MetabaseTask.h */,
				D162C49C1BC87D2B009F678F /* MetabaseTask.m */,
				D1BDAC701C05695B0075D3AC /* ResetPasswordTask.h */,
				D1BDAC711C05695B0075D3AC /* ResetPasswordTask.m */,
			);
			path = Backend;
			sourceTree = "<group>";
		};
		D162C4A11BC87D2B009F678F /* UI */ = {
			isa = PBXGroup;
			children = (
				D162C4A51BC87D2B009F678F /* MainMenu.xib */,
				D162C4A61BC87D2B009F678F /* MainViewController.h */,
				D162C4A71BC87D2B009F678F /* MainViewController.m */,
				D1CB9FE61BCEDE9A009A61FB /* LoadingView.h */,
				D1CB9FE71BCEDE9A009A61FB /* LoadingView.m */,
				D1CB9FE91BCEDEA5009A61FB /* LoadingView.xib */,
				D1BDAC661C053E0A0075D3AC /* ResetPasswordWindowController.h */,
				D1BDAC671C053E0A0075D3AC /* ResetPasswordWindowController.m */,
				D1BDAC691C053E220075D3AC /* ResetPasswordWindowController.xib */,
			);
			path = UI;
			sourceTree = "<group>";
		};
		D18853B21BB0CEC600D89803 = {
			isa = PBXGroup;
			children = (
				D188555E1BB1C86F00D89803 /* jre */,
				D18853C41BB0CEC600D89803 /* Metabase */,
				D18854011BB0DB6000D89803 /* Resources */,
				D105B1BD1BB378C100A5D850 /* Vendor */,
				D18853BD1BB0CEC600D89803 /* Frameworks */,
				D18853BC1BB0CEC600D89803 /* Products */,
			);
			sourceTree = "<group>";
		};
		D18853BC1BB0CEC600D89803 /* Products */ = {
			isa = PBXGroup;
			children = (
				D18853BB1BB0CEC600D89803 /* Metabase.app */,
				D18853DC1BB0CEC600D89803 /* MetabaseTests.xctest */,
			);
			name = Products;
			sourceTree = "<group>";
		};
		D18853BD1BB0CEC600D89803 /* Frameworks */ = {
			isa = PBXGroup;
			children = (
				D18853F81BB0D37B00D89803 /* WebKit.framework */,
				D18853BE1BB0CEC600D89803 /* Cocoa.framework */,
				D18853DD1BB0CEC600D89803 /* XCTest.framework */,
				D18853C01BB0CEC600D89803 /* Other Frameworks */,
			);
			name = Frameworks;
			sourceTree = "<group>";
		};
		D18853C01BB0CEC600D89803 /* Other Frameworks */ = {
			isa = PBXGroup;
			children = (
				D18853C11BB0CEC600D89803 /* AppKit.framework */,
				D18853C21BB0CEC600D89803 /* CoreData.framework */,
				D18853C31BB0CEC600D89803 /* Foundation.framework */,
			);
			name = "Other Frameworks";
			sourceTree = "<group>";
		};
		D18853C41BB0CEC600D89803 /* Metabase */ = {
			isa = PBXGroup;
			children = (
				329A3BAF23C54C6700D0949B /* Metabase.entitlements */,
				D162C4981BC87D2B009F678F /* Backend */,
				D162C4A11BC87D2B009F678F /* UI */,
				D18853C51BB0CEC600D89803 /* Supporting Files */,
			);
			path = Metabase;
			sourceTree = "<group>";
		};
		D18853C51BB0CEC600D89803 /* Supporting Files */ = {
			isa = PBXGroup;
			children = (
				D18853C61BB0CEC600D89803 /* Metabase-Info.plist */,
				D18853C71BB0CEC600D89803 /* InfoPlist.strings */,
				D18853CA1BB0CEC600D89803 /* main.m */,
				D18853CC1BB0CEC600D89803 /* Metabase-Prefix.pch */,
				D18853CD1BB0CEC600D89803 /* Credits.rtf */,
			);
			name = "Supporting Files";
			sourceTree = "<group>";
		};
		D18854011BB0DB6000D89803 /* Resources */ = {
			isa = PBXGroup;
			children = (
				D18853D61BB0CEC600D89803 /* Images.xcassets */,
				D105B2321BB5BE4A00A5D850 /* Images */,
				D18854021BB0DB6000D89803 /* metabase.jar */,
				D121FD681BC5B4E7002101B0 /* dsa_pub.pem */,
			);
			path = Resources;
			sourceTree = "<group>";
		};
/* End PBXGroup section */

/* Begin PBXNativeTarget section */
		D18853BA1BB0CEC600D89803 /* Metabase */ = {
			isa = PBXNativeTarget;
			buildConfigurationList = D18853EC1BB0CEC600D89803 /* Build configuration list for PBXNativeTarget "Metabase" */;
			buildPhases = (
				D18853B71BB0CEC600D89803 /* Sources */,
				D18853B81BB0CEC600D89803 /* Frameworks */,
				D18853B91BB0CEC600D89803 /* Resources */,
				D18854051BB1B90000D89803 /* Kill Existing Processes Listening on Ports 13000 - 14000 */,
				D121FD661BC5B364002101B0 /* CopyFiles */,
			);
			buildRules = (
			);
			dependencies = (
			);
			name = Metabase;
			productName = Metabase;
			productReference = D18853BB1BB0CEC600D89803 /* Metabase.app */;
			productType = "com.apple.product-type.application";
		};
		D18853DB1BB0CEC600D89803 /* MetabaseTests */ = {
			isa = PBXNativeTarget;
			buildConfigurationList = D18853EF1BB0CEC600D89803 /* Build configuration list for PBXNativeTarget "MetabaseTests" */;
			buildPhases = (
				D18853D81BB0CEC600D89803 /* Sources */,
				D18853D91BB0CEC600D89803 /* Frameworks */,
				D18853DA1BB0CEC600D89803 /* Resources */,
			);
			buildRules = (
			);
			dependencies = (
				D18853E11BB0CEC600D89803 /* PBXTargetDependency */,
			);
			name = MetabaseTests;
			productName = MetabaseTests;
			productReference = D18853DC1BB0CEC600D89803 /* MetabaseTests.xctest */;
			productType = "com.apple.product-type.bundle.unit-test";
		};
/* End PBXNativeTarget section */

/* Begin PBXProject section */
		D18853B31BB0CEC600D89803 /* Project object */ = {
			isa = PBXProject;
			attributes = {
				LastUpgradeCheck = 1120;
				ORGANIZATIONNAME = Metabase;
				TargetAttributes = {
					D18853BA1BB0CEC600D89803 = {
						DevelopmentTeam = BR27ZJK7WW;
					};
					D18853DB1BB0CEC600D89803 = {
						TestTargetID = D18853BA1BB0CEC600D89803;
					};
				};
			};
			buildConfigurationList = D18853B61BB0CEC600D89803 /* Build configuration list for PBXProject "Metabase" */;
			compatibilityVersion = "Xcode 3.2";
			developmentRegion = en;
			hasScannedForEncodings = 0;
			knownRegions = (
				en,
				Base,
			);
			mainGroup = D18853B21BB0CEC600D89803;
			productRefGroup = D18853BC1BB0CEC600D89803 /* Products */;
			projectDirPath = "";
			projectRoot = "";
			targets = (
				D18853BA1BB0CEC600D89803 /* Metabase */,
				D18853DB1BB0CEC600D89803 /* MetabaseTests */,
			);
		};
/* End PBXProject section */

/* Begin PBXResourcesBuildPhase section */
		D18853B91BB0CEC600D89803 /* Resources */ = {
			isa = PBXResourcesBuildPhase;
			buildActionMask = 2147483647;
			files = (
				D1DFF6C31BCEF9E700ECC7B6 /* Loading_View_Inner@2x.png in Resources */,
				D1CB9FEE1BCEDF02009A61FB /* Loading_View_Outer.png in Resources */,
				D105B23D1BB5BE4A00A5D850 /* back_icon@2x.png in Resources */,
				D121FD691BC5B4E7002101B0 /* dsa_pub.pem in Resources */,
				D1BDAC6A1C053E220075D3AC /* ResetPasswordWindowController.xib in Resources */,
				D18855611BB1C8D700D89803 /* jre in Resources */,
				D162C4AE1BC87D2B009F678F /* MainMenu.xib in Resources */,
				D105B2401BB5BE4A00A5D850 /* link_icon@1x.png in Resources */,
				D18854041BB0DC2600D89803 /* metabase.jar in Resources */,
				D18853C91BB0CEC600D89803 /* InfoPlist.strings in Resources */,
				D105B2431BB5BE4A00A5D850 /* refresh_icon@1x.png in Resources */,
				D105B23F1BB5BE4A00A5D850 /* forward_icon@2x.png in Resources */,
				D18853D71BB0CEC600D89803 /* Images.xcassets in Resources */,
				D105B23E1BB5BE4A00A5D850 /* forward_icon@1x.png in Resources */,
				D1CB9FEA1BCEDEA5009A61FB /* LoadingView.xib in Resources */,
				D1CB9FED1BCEDF02009A61FB /* Loading_View_Inner.png in Resources */,
				D105B23C1BB5BE4A00A5D850 /* back_icon@1x.png in Resources */,
				D1DFF6C41BCEF9E700ECC7B6 /* Loading_View_Outer@2x.png in Resources */,
				D18853CF1BB0CEC600D89803 /* Credits.rtf in Resources */,
				D105B2411BB5BE4A00A5D850 /* link_icon@2x.png in Resources */,
				D105B2441BB5BE4A00A5D850 /* refresh_icon@2x.png in Resources */,
			);
			runOnlyForDeploymentPostprocessing = 0;
		};
		D18853DA1BB0CEC600D89803 /* Resources */ = {
			isa = PBXResourcesBuildPhase;
			buildActionMask = 2147483647;
			files = (
			);
			runOnlyForDeploymentPostprocessing = 0;
		};
/* End PBXResourcesBuildPhase section */

/* Begin PBXShellScriptBuildPhase section */
		D18854051BB1B90000D89803 /* Kill Existing Processes Listening on Ports 13000 - 14000 */ = {
			isa = PBXShellScriptBuildPhase;
			buildActionMask = 2147483647;
			files = (
			);
			inputPaths = (
			);
			name = "Kill Existing Processes Listening on Ports 13000 - 14000";
			outputPaths = (
			);
			runOnlyForDeploymentPostprocessing = 0;
			shellPath = /usr/bin/perl;
			shellScript = "foreach(split(/\\n/, `lsof -i :13000-14000`)) {\n    s/^[^\\d]+(\\d+).*$/$1/;\n    m/^\\d+$/ && system('kill', $_);\n}";
		};
/* End PBXShellScriptBuildPhase section */

/* Begin PBXSourcesBuildPhase section */
		D18853B71BB0CEC600D89803 /* Sources */ = {
			isa = PBXSourcesBuildPhase;
			buildActionMask = 2147483647;
			files = (
				D162C4AB1BC87D2B009F678F /* TaskHealthChecker.m in Sources */,
				D1CB9FE81BCEDE9A009A61FB /* LoadingView.m in Sources */,
				D162C4AA1BC87D2B009F678F /* SettingsManager.m in Sources */,
				D18853CB1BB0CEC600D89803 /* main.m in Sources */,
				D162C4AF1BC87D2B009F678F /* MainViewController.m in Sources */,
				D1BDAC6D1C0565640075D3AC /* JavaTask.m in Sources */,
				D1BDAC721C05695B0075D3AC /* ResetPasswordTask.m in Sources */,
				D162C4A91BC87D2B009F678F /* MetabaseTask.m in Sources */,
				D162C4A81BC87D2B009F678F /* AppDelegate.m in Sources */,
				D1BDAC681C053E0A0075D3AC /* ResetPasswordWindowController.m in Sources */,
			);
			runOnlyForDeploymentPostprocessing = 0;
		};
		D18853D81BB0CEC600D89803 /* Sources */ = {
			isa = PBXSourcesBuildPhase;
			buildActionMask = 2147483647;
			files = (
			);
			runOnlyForDeploymentPostprocessing = 0;
		};
/* End PBXSourcesBuildPhase section */

/* Begin PBXTargetDependency section */
		D18853E11BB0CEC600D89803 /* PBXTargetDependency */ = {
			isa = PBXTargetDependency;
			target = D18853BA1BB0CEC600D89803 /* Metabase */;
			targetProxy = D18853E01BB0CEC600D89803 /* PBXContainerItemProxy */;
		};
/* End PBXTargetDependency section */

/* Begin PBXVariantGroup section */
		D18853C71BB0CEC600D89803 /* InfoPlist.strings */ = {
			isa = PBXVariantGroup;
			children = (
				D18853C81BB0CEC600D89803 /* en */,
			);
			name = InfoPlist.strings;
			sourceTree = "<group>";
		};
		D18853CD1BB0CEC600D89803 /* Credits.rtf */ = {
			isa = PBXVariantGroup;
			children = (
				D18853CE1BB0CEC600D89803 /* en */,
			);
			name = Credits.rtf;
			sourceTree = "<group>";
		};
/* End PBXVariantGroup section */

/* Begin XCBuildConfiguration section */
		D18853EA1BB0CEC600D89803 /* Debug */ = {
			isa = XCBuildConfiguration;
			buildSettings = {
				ALWAYS_SEARCH_USER_PATHS = NO;
				CLANG_ANALYZER_LOCALIZABILITY_NONLOCALIZED = YES;
				CLANG_CXX_LANGUAGE_STANDARD = "gnu++0x";
				CLANG_CXX_LIBRARY = "libc++";
				CLANG_ENABLE_MODULES = YES;
				CLANG_ENABLE_OBJC_ARC = YES;
				CLANG_WARN_BLOCK_CAPTURE_AUTORELEASING = YES;
				CLANG_WARN_BOOL_CONVERSION = YES;
				CLANG_WARN_COMMA = YES;
				CLANG_WARN_CONSTANT_CONVERSION = YES;
				CLANG_WARN_DEPRECATED_OBJC_IMPLEMENTATIONS = YES;
				CLANG_WARN_DIRECT_OBJC_ISA_USAGE = YES_ERROR;
				CLANG_WARN_EMPTY_BODY = YES;
				CLANG_WARN_ENUM_CONVERSION = YES;
				CLANG_WARN_INFINITE_RECURSION = YES;
				CLANG_WARN_INT_CONVERSION = YES;
				CLANG_WARN_NON_LITERAL_NULL_CONVERSION = YES;
				CLANG_WARN_OBJC_IMPLICIT_RETAIN_SELF = YES;
				CLANG_WARN_OBJC_LITERAL_CONVERSION = YES;
				CLANG_WARN_OBJC_ROOT_CLASS = YES_ERROR;
				CLANG_WARN_RANGE_LOOP_ANALYSIS = YES;
				CLANG_WARN_STRICT_PROTOTYPES = YES;
				CLANG_WARN_SUSPICIOUS_MOVE = YES;
				CLANG_WARN_UNREACHABLE_CODE = YES;
				CLANG_WARN__DUPLICATE_METHOD_MATCH = YES;
				COPY_PHASE_STRIP = NO;
				ENABLE_STRICT_OBJC_MSGSEND = YES;
				ENABLE_TESTABILITY = YES;
				GCC_C_LANGUAGE_STANDARD = gnu99;
				GCC_DYNAMIC_NO_PIC = NO;
				GCC_ENABLE_OBJC_EXCEPTIONS = YES;
				GCC_NO_COMMON_BLOCKS = YES;
				GCC_OPTIMIZATION_LEVEL = 0;
				GCC_PREPROCESSOR_DEFINITIONS = (
					"DEBUG=1",
					"$(inherited)",
				);
				GCC_SYMBOLS_PRIVATE_EXTERN = NO;
				GCC_WARN_64_TO_32_BIT_CONVERSION = YES;
				GCC_WARN_ABOUT_RETURN_TYPE = YES_ERROR;
				GCC_WARN_UNDECLARED_SELECTOR = YES;
				GCC_WARN_UNINITIALIZED_AUTOS = YES_AGGRESSIVE;
				GCC_WARN_UNUSED_FUNCTION = YES;
				GCC_WARN_UNUSED_VARIABLE = YES;
				LD_RUNPATH_SEARCH_PATHS = "@loader_path/../Frameworks";
				MACOSX_DEPLOYMENT_TARGET = 10.9;
				ONLY_ACTIVE_ARCH = YES;
				SDKROOT = macosx;
				VALID_ARCHS = x86_64;
			};
			name = Debug;
		};
		D18853EB1BB0CEC600D89803 /* Release */ = {
			isa = XCBuildConfiguration;
			buildSettings = {
				ALWAYS_SEARCH_USER_PATHS = NO;
				CLANG_ANALYZER_LOCALIZABILITY_NONLOCALIZED = YES;
				CLANG_CXX_LANGUAGE_STANDARD = "gnu++0x";
				CLANG_CXX_LIBRARY = "libc++";
				CLANG_ENABLE_MODULES = YES;
				CLANG_ENABLE_OBJC_ARC = YES;
				CLANG_WARN_BLOCK_CAPTURE_AUTORELEASING = YES;
				CLANG_WARN_BOOL_CONVERSION = YES;
				CLANG_WARN_COMMA = YES;
				CLANG_WARN_CONSTANT_CONVERSION = YES;
				CLANG_WARN_DEPRECATED_OBJC_IMPLEMENTATIONS = YES;
				CLANG_WARN_DIRECT_OBJC_ISA_USAGE = YES_ERROR;
				CLANG_WARN_EMPTY_BODY = YES;
				CLANG_WARN_ENUM_CONVERSION = YES;
				CLANG_WARN_INFINITE_RECURSION = YES;
				CLANG_WARN_INT_CONVERSION = YES;
				CLANG_WARN_NON_LITERAL_NULL_CONVERSION = YES;
				CLANG_WARN_OBJC_IMPLICIT_RETAIN_SELF = YES;
				CLANG_WARN_OBJC_LITERAL_CONVERSION = YES;
				CLANG_WARN_OBJC_ROOT_CLASS = YES_ERROR;
				CLANG_WARN_RANGE_LOOP_ANALYSIS = YES;
				CLANG_WARN_STRICT_PROTOTYPES = YES;
				CLANG_WARN_SUSPICIOUS_MOVE = YES;
				CLANG_WARN_UNREACHABLE_CODE = YES;
				CLANG_WARN__DUPLICATE_METHOD_MATCH = YES;
				COPY_PHASE_STRIP = YES;
				DEBUG_INFORMATION_FORMAT = "dwarf-with-dsym";
				ENABLE_NS_ASSERTIONS = NO;
				ENABLE_STRICT_OBJC_MSGSEND = YES;
				GCC_C_LANGUAGE_STANDARD = gnu99;
				GCC_ENABLE_OBJC_EXCEPTIONS = YES;
				GCC_NO_COMMON_BLOCKS = YES;
				GCC_WARN_64_TO_32_BIT_CONVERSION = YES;
				GCC_WARN_ABOUT_RETURN_TYPE = YES_ERROR;
				GCC_WARN_UNDECLARED_SELECTOR = YES;
				GCC_WARN_UNINITIALIZED_AUTOS = YES_AGGRESSIVE;
				GCC_WARN_UNUSED_FUNCTION = YES;
				GCC_WARN_UNUSED_VARIABLE = YES;
				LD_RUNPATH_SEARCH_PATHS = "@loader_path/../Frameworks";
				MACOSX_DEPLOYMENT_TARGET = 10.9;
				ONLY_ACTIVE_ARCH = YES;
				SDKROOT = macosx;
				VALID_ARCHS = x86_64;
			};
			name = Release;
		};
		D18853ED1BB0CEC600D89803 /* Debug */ = {
			isa = XCBuildConfiguration;
			buildSettings = {
				ASSETCATALOG_COMPILER_APPICON_NAME = AppIcon;
				CODE_SIGN_ENTITLEMENTS = Metabase/Metabase.entitlements;
				CODE_SIGN_IDENTITY = "-";
				COMBINE_HIDPI_IMAGES = YES;
				ENABLE_HARDENED_RUNTIME = YES;
				FRAMEWORK_SEARCH_PATHS = (
					"$(inherited)",
					"$(PROJECT_DIR)/Vendor/Sparkle-1.11.0",
				);
				GCC_PRECOMPILE_PREFIX_HEADER = YES;
				GCC_PREFIX_HEADER = "Metabase/Metabase-Prefix.pch";
				INFOPLIST_FILE = "Metabase/Metabase-Info.plist";
				PRODUCT_BUNDLE_IDENTIFIER = "com.metabase.${PRODUCT_NAME:rfc1034identifier}";
				PRODUCT_NAME = "$(TARGET_NAME)";
				WRAPPER_EXTENSION = app;
			};
			name = Debug;
		};
		D18853EE1BB0CEC600D89803 /* Release */ = {
			isa = XCBuildConfiguration;
			buildSettings = {
				ASSETCATALOG_COMPILER_APPICON_NAME = AppIcon;
				CODE_SIGN_ENTITLEMENTS = Metabase/Metabase.entitlements;
				CODE_SIGN_IDENTITY = "-";
				COMBINE_HIDPI_IMAGES = YES;
				DEAD_CODE_STRIPPING = YES;
				ENABLE_HARDENED_RUNTIME = YES;
				FRAMEWORK_SEARCH_PATHS = (
					"$(inherited)",
					"$(PROJECT_DIR)/Vendor/Sparkle-1.11.0",
				);
				GCC_OPTIMIZATION_LEVEL = fast;
				GCC_PRECOMPILE_PREFIX_HEADER = YES;
				GCC_PREFIX_HEADER = "Metabase/Metabase-Prefix.pch";
				INFOPLIST_FILE = "Metabase/Metabase-Info.plist";
				PRODUCT_BUNDLE_IDENTIFIER = "com.metabase.${PRODUCT_NAME:rfc1034identifier}";
				PRODUCT_NAME = "$(TARGET_NAME)";
				WRAPPER_EXTENSION = app;
			};
			name = Release;
		};
		D18853F01BB0CEC600D89803 /* Debug */ = {
			isa = XCBuildConfiguration;
			buildSettings = {
				BUNDLE_LOADER = "$(BUILT_PRODUCTS_DIR)/Metabase.app/Contents/MacOS/Metabase";
				COMBINE_HIDPI_IMAGES = YES;
				FRAMEWORK_SEARCH_PATHS = (
					"$(DEVELOPER_FRAMEWORKS_DIR)",
					"$(inherited)",
				);
				GCC_PRECOMPILE_PREFIX_HEADER = YES;
				GCC_PREFIX_HEADER = "Metabase/Metabase-Prefix.pch";
				GCC_PREPROCESSOR_DEFINITIONS = (
					"DEBUG=1",
					"$(inherited)",
				);
				INFOPLIST_FILE = "MetabaseTests/MetabaseTests-Info.plist";
				PRODUCT_NAME = "$(TARGET_NAME)";
				TEST_HOST = "$(BUNDLE_LOADER)";
				WRAPPER_EXTENSION = xctest;
			};
			name = Debug;
		};
		D18853F11BB0CEC600D89803 /* Release */ = {
			isa = XCBuildConfiguration;
			buildSettings = {
				BUNDLE_LOADER = "$(BUILT_PRODUCTS_DIR)/Metabase.app/Contents/MacOS/Metabase";
				COMBINE_HIDPI_IMAGES = YES;
				FRAMEWORK_SEARCH_PATHS = (
					"$(DEVELOPER_FRAMEWORKS_DIR)",
					"$(inherited)",
				);
				GCC_PRECOMPILE_PREFIX_HEADER = YES;
				GCC_PREFIX_HEADER = "Metabase/Metabase-Prefix.pch";
				INFOPLIST_FILE = "MetabaseTests/MetabaseTests-Info.plist";
				PRODUCT_NAME = "$(TARGET_NAME)";
				TEST_HOST = "$(BUNDLE_LOADER)";
				WRAPPER_EXTENSION = xctest;
			};
			name = Release;
		};
/* End XCBuildConfiguration section */

/* Begin XCConfigurationList section */
		D18853B61BB0CEC600D89803 /* Build configuration list for PBXProject "Metabase" */ = {
			isa = XCConfigurationList;
			buildConfigurations = (
				D18853EA1BB0CEC600D89803 /* Debug */,
				D18853EB1BB0CEC600D89803 /* Release */,
			);
			defaultConfigurationIsVisible = 0;
			defaultConfigurationName = Release;
		};
		D18853EC1BB0CEC600D89803 /* Build configuration list for PBXNativeTarget "Metabase" */ = {
			isa = XCConfigurationList;
			buildConfigurations = (
				D18853ED1BB0CEC600D89803 /* Debug */,
				D18853EE1BB0CEC600D89803 /* Release */,
			);
			defaultConfigurationIsVisible = 0;
			defaultConfigurationName = Release;
		};
		D18853EF1BB0CEC600D89803 /* Build configuration list for PBXNativeTarget "MetabaseTests" */ = {
			isa = XCConfigurationList;
			buildConfigurations = (
				D18853F01BB0CEC600D89803 /* Debug */,
				D18853F11BB0CEC600D89803 /* Release */,
			);
			defaultConfigurationIsVisible = 0;
			defaultConfigurationName = Release;
		};
/* End XCConfigurationList section */
	};
	rootObject = D18853B31BB0CEC600D89803 /* Project object */;
}
