version = 1
revision = 3
requires-python = ">=3.11"

[[package]]
name = "metabase-python-deps"
version = "0.1.0"
source = { virtual = "." }
dependencies = [
    { name = "sqlglot" },
]

[package.metadata]
requires-dist = [{ name = "sqlglot", specifier = "==28.6.0" }]

[[package]]
name = "sqlglot"
version = "28.6.0"
source = { registry = "https://pypi.org/simple" }
sdist = { url = "https://files.pythonhosted.org/packages/46/b6/f188b9616bef49943353f3622d726af30fdb08acbd081deef28ba43ceb48/sqlglot-28.6.0.tar.gz", hash = "sha256:8c0a432a6745c6c7965bbe99a17667c5a3ca1d524a54b31997cf5422b1727f6a", size = 5676522, upload-time = "2026-01-13T17:39:24.389Z" }
wheels = [
    { url = "https://files.pythonhosted.org/packages/8f/a6/21b1e19994296ba4a34bc7abaf4fcb40d7e7787477bdfde58cd843594459/sqlglot-28.6.0-py3-none-any.whl", hash = "sha256:8af76e825dc8456a49f8ce049d69bbfcd116655dda3e53051754789e2edf8eba", size = 575186, upload-time = "2026-01-13T17:39:22.327Z" },
]
